// !$*UTF8*$!
{
	archiveVersion = 1;
	classes = {
	};
	objectVersion = 55;
	objects = {

/* Begin PBXBuildFile section */
		BD28DD422891A9470097D30D /* AppDelegate.swift in Sources */ = {isa = PBXBuildFile; fileRef = BD28DD412891A9470097D30D /* AppDelegate.swift */; };
		BD28DD442891A9470097D30D /* SceneDelegate.swift in Sources */ = {isa = PBXBuildFile; fileRef = BD28DD432891A9470097D30D /* SceneDelegate.swift */; };
		BD28DD462891A9470097D30D /* ViewController.swift in Sources */ = {isa = PBXBuildFile; fileRef = BD28DD452891A9470097D30D /* ViewController.swift */; };
		BD28DD492891A9470097D30D /* Main.storyboard in Resources */ = {isa = PBXBuildFile; fileRef = BD28DD472891A9470097D30D /* Main.storyboard */; };
		BD28DD4C2891A9470097D30D /* Actions_Outlets.xcdatamodeld in Sources */ = {isa = PBXBuildFile; fileRef = BD28DD4A2891A9470097D30D /* Actions_Outlets.xcdatamodeld */; };
		BD28DD4E2891A9480097D30D /* Assets.xcassets in Resources */ = {isa = PBXBuildFile; fileRef = BD28DD4D2891A9480097D30D /* Assets.xcassets */; };
		BD28DD512891A9480097D30D /* LaunchScreen.storyboard in Resources */ = {isa = PBXBuildFile; fileRef = BD28DD4F2891A9480097D30D /* LaunchScreen.storyboard */; };
		BD28DD5C2891A9480097D30D /* Actions_OutletsTests.swift in Sources */ = {isa = PBXBuildFile; fileRef = BD28DD5B2891A9480097D30D /* Actions_OutletsTests.swift */; };
		BD28DD662891A9490097D30D /* Actions_OutletsUITests.swift in Sources */ = {isa = PBXBuildFile; fileRef = BD28DD652891A9490097D30D /* Actions_OutletsUITests.swift */; };
		BD28DD682891A9490097D30D /* Actions_OutletsUITestsLaunchTests.swift in Sources */ = {isa = PBXBuildFile; fileRef = BD28DD672891A9490097D30D /* Actions_OutletsUITestsLaunchTests.swift */; };
/* End PBXBuildFile section */

/* Begin PBXContainerItemProxy section */
		BD28DD582891A9480097D30D /* PBXContainerItemProxy */ = {
			isa = PBXContainerItemProxy;
			containerPortal = BD28DD362891A9470097D30D /* Project object */;
			proxyType = 1;
			remoteGlobalIDString = BD28DD3D2891A9470097D30D;
			remoteInfo = "Actions&Outlets";
		};
		BD28DD622891A9490097D30D /* PBXContainerItemProxy */ = {
			isa = PBXContainerItemProxy;
			containerPortal = BD28DD362891A9470097D30D /* Project object */;
			proxyType = 1;
			remoteGlobalIDString = BD28DD3D2891A9470097D30D;
			remoteInfo = "Actions&Outlets";
		};
/* End PBXContainerItemProxy section */

/* Begin PBXFileReference section */
		BD28DD3E2891A9470097D30D /* Actions&Outlets.app */ = {isa = PBXFileReference; explicitFileType = wrapper.application; includeInIndex = 0; path = "Actions&Outlets.app"; sourceTree = BUILT_PRODUCTS_DIR; };
		BD28DD412891A9470097D30D /* AppDelegate.swift */ = {isa = PBXFileReference; lastKnownFileType = sourcecode.swift; path = AppDelegate.swift; sourceTree = "<group>"; };
		BD28DD432891A9470097D30D /* SceneDelegate.swift */ = {isa = PBXFileReference; lastKnownFileType = sourcecode.swift; path = SceneDelegate.swift; sourceTree = "<group>"; };
		BD28DD452891A9470097D30D /* ViewController.swift */ = {isa = PBXFileReference; lastKnownFileType = sourcecode.swift; path = ViewController.swift; sourceTree = "<group>"; };
		BD28DD482891A9470097D30D /* Base */ = {isa = PBXFileReference; lastKnownFileType = file.storyboard; name = Base; path = Base.lproj/Main.storyboard; sourceTree = "<group>"; };
		BD28DD4B2891A9470097D30D /* Actions_Outlets.xcdatamodel */ = {isa = PBXFileReference; lastKnownFileType = wrapper.xcdatamodel; path = Actions_Outlets.xcdatamodel; sourceTree = "<group>"; };
		BD28DD4D2891A9480097D30D /* Assets.xcassets */ = {isa = PBXFileReference; lastKnownFileType = folder.assetcatalog; path = Assets.xcassets; sourceTree = "<group>"; };
		BD28DD502891A9480097D30D /* Base */ = {isa = PBXFileReference; lastKnownFileType = file.storyboard; name = Base; path = Base.lproj/LaunchScreen.storyboard; sourceTree = "<group>"; };
		BD28DD522891A9480097D30D /* Info.plist */ = {isa = PBXFileReference; lastKnownFileType = text.plist.xml; path = Info.plist; sourceTree = "<group>"; };
		BD28DD572891A9480097D30D /* Actions&OutletsTests.xctest */ = {isa = PBXFileReference; explicitFileType = wrapper.cfbundle; includeInIndex = 0; path = "Actions&OutletsTests.xctest"; sourceTree = BUILT_PRODUCTS_DIR; };
		BD28DD5B2891A9480097D30D /* Actions_OutletsTests.swift */ = {isa = PBXFileReference; lastKnownFileType = sourcecode.swift; path = Actions_OutletsTests.swift; sourceTree = "<group>"; };
		BD28DD612891A9490097D30D /* Actions&OutletsUITests.xctest */ = {isa = PBXFileReference; explicitFileType = wrapper.cfbundle; includeInIndex = 0; path = "Actions&OutletsUITests.xctest"; sourceTree = BUILT_PRODUCTS_DIR; };
		BD28DD652891A9490097D30D /* Actions_OutletsUITests.swift */ = {isa = PBXFileReference; lastKnownFileType = sourcecode.swift; path = Actions_OutletsUITests.swift; sourceTree = "<group>"; };
		BD28DD672891A9490097D30D /* Actions_OutletsUITestsLaunchTests.swift */ = {isa = PBXFileReference; lastKnownFileType = sourcecode.swift; path = Actions_OutletsUITestsLaunchTests.swift; sourceTree = "<group>"; };
/* End PBXFileReference section */

/* Begin PBXFrameworksBuildPhase section */
		BD28DD3B2891A9470097D30D /* Frameworks */ = {
			isa = PBXFrameworksBuildPhase;
			buildActionMask = 2147483647;
			files = (
			);
			runOnlyForDeploymentPostprocessing = 0;
		};
		BD28DD542891A9480097D30D /* Frameworks */ = {
			isa = PBXFrameworksBuildPhase;
			buildActionMask = 2147483647;
			files = (
			);
			runOnlyForDeploymentPostprocessing = 0;
		};
		BD28DD5E2891A9490097D30D /* Frameworks */ = {
			isa = PBXFrameworksBuildPhase;
			buildActionMask = 2147483647;
			files = (
			);
			runOnlyForDeploymentPostprocessing = 0;
		};
/* End PBXFrameworksBuildPhase section */

/* Begin PBXGroup section */
		BD28DD352891A9470097D30D = {
			isa = PBXGroup;
			children = (
				BD28DD402891A9470097D30D /* Actions&Outlets */,
				BD28DD5A2891A9480097D30D /* Actions&OutletsTests */,
				BD28DD642891A9490097D30D /* Actions&OutletsUITests */,
				BD28DD3F2891A9470097D30D /* Products */,
			);
			sourceTree = "<group>";
		};
		BD28DD3F2891A9470097D30D /* Products */ = {
			isa = PBXGroup;
			children = (
				BD28DD3E2891A9470097D30D /* Actions&Outlets.app */,
				BD28DD572891A9480097D30D /* Actions&OutletsTests.xctest */,
				BD28DD612891A9490097D30D /* Actions&OutletsUITests.xctest */,
			);
			name = Products;
			sourceTree = "<group>";
		};
		BD28DD402891A9470097D30D /* Actions&Outlets */ = {
			isa = PBXGroup;
			children = (
				BD28DD412891A9470097D30D /* AppDelegate.swift */,
				BD28DD432891A9470097D30D /* SceneDelegate.swift */,
				BD28DD452891A9470097D30D /* ViewController.swift */,
				BD28DD472891A9470097D30D /* Main.storyboard */,
				BD28DD4D2891A9480097D30D /* Assets.xcassets */,
				BD28DD4F2891A9480097D30D /* LaunchScreen.storyboard */,
				BD28DD522891A9480097D30D /* Info.plist */,
				BD28DD4A2891A9470097D30D /* Actions_Outlets.xcdatamodeld */,
			);
			path = "Actions&Outlets";
			sourceTree = "<group>";
		};
		BD28DD5A2891A9480097D30D /* Actions&OutletsTests */ = {
			isa = PBXGroup;
			children = (
				BD28DD5B2891A9480097D30D /* Actions_OutletsTests.swift */,
			);
			path = "Actions&OutletsTests";
			sourceTree = "<group>";
		};
		BD28DD642891A9490097D30D /* Actions&OutletsUITests */ = {
			isa = PBXGroup;
			children = (
				BD28DD652891A9490097D30D /* Actions_OutletsUITests.swift */,
				BD28DD672891A9490097D30D /* Actions_OutletsUITestsLaunchTests.swift */,
			);
			path = "Actions&OutletsUITests";
			sourceTree = "<group>";
		};
/* End PBXGroup section */

/* Begin PBXNativeTarget section */
		BD28DD3D2891A9470097D30D /* Actions&Outlets */ = {
			isa = PBXNativeTarget;
			buildConfigurationList = BD28DD6B2891A9490097D30D /* Build configuration list for PBXNativeTarget "Actions&Outlets" */;
			buildPhases = (
				BD28DD3A2891A9470097D30D /* Sources */,
				BD28DD3B2891A9470097D30D /* Frameworks */,
				BD28DD3C2891A9470097D30D /* Resources */,
			);
			buildRules = (
			);
			dependencies = (
			);
			name = "Actions&Outlets";
			productName = "Actions&Outlets";
			productReference = BD28DD3E2891A9470097D30D /* Actions&Outlets.app */;
			productType = "com.apple.product-type.application";
		};
		BD28DD562891A9480097D30D /* Actions&OutletsTests */ = {
			isa = PBXNativeTarget;
			buildConfigurationList = BD28DD6E2891A9490097D30D /* Build configuration list for PBXNativeTarget "Actions&OutletsTests" */;
			buildPhases = (
				BD28DD532891A9480097D30D /* Sources */,
				BD28DD542891A9480097D30D /* Frameworks */,
				BD28DD552891A9480097D30D /* Resources */,
			);
			buildRules = (
			);
			dependencies = (
				BD28DD592891A9480097D30D /* PBXTargetDependency */,
			);
			name = "Actions&OutletsTests";
			productName = "Actions&OutletsTests";
			productReference = BD28DD572891A9480097D30D /* Actions&OutletsTests.xctest */;
			productType = "com.apple.product-type.bundle.unit-test";
		};
		BD28DD602891A9490097D30D /* Actions&OutletsUITests */ = {
			isa = PBXNativeTarget;
			buildConfigurationList = BD28DD712891A9490097D30D /* Build configuration list for PBXNativeTarget "Actions&OutletsUITests" */;
			buildPhases = (
				BD28DD5D2891A9490097D30D /* Sources */,
				BD28DD5E2891A9490097D30D /* Frameworks */,
				BD28DD5F2891A9490097D30D /* Resources */,
			);
			buildRules = (
			);
			dependencies = (
				BD28DD632891A9490097D30D /* PBXTargetDependency */,
			);
			name = "Actions&OutletsUITests";
			productName = "Actions&OutletsUITests";
			productReference = BD28DD612891A9490097D30D /* Actions&OutletsUITests.xctest */;
			productType = "com.apple.product-type.bundle.ui-testing";
		};
/* End PBXNativeTarget section */

/* Begin PBXProject section */
		BD28DD362891A9470097D30D /* Project object */ = {
			isa = PBXProject;
			attributes = {
				BuildIndependentTargetsInParallel = 1;
				LastSwiftUpdateCheck = 1340;
				LastUpgradeCheck = 1340;
				TargetAttributes = {
					BD28DD3D2891A9470097D30D = {
						CreatedOnToolsVersion = 13.4.1;
					};
					BD28DD562891A9480097D30D = {
						CreatedOnToolsVersion = 13.4.1;
						TestTargetID = BD28DD3D2891A9470097D30D;
					};
					BD28DD602891A9490097D30D = {
						CreatedOnToolsVersion = 13.4.1;
						TestTargetID = BD28DD3D2891A9470097D30D;
					};
				};
			};
			buildConfigurationList = BD28DD392891A9470097D30D /* Build configuration list for PBXProject "Actions&Outlets" */;
			compatibilityVersion = "Xcode 13.0";
			developmentRegion = en;
			hasScannedForEncodings = 0;
			knownRegions = (
				en,
				Base,
			);
			mainGroup = BD28DD352891A9470097D30D;
			productRefGroup = BD28DD3F2891A9470097D30D /* Products */;
			projectDirPath = "";
			projectRoot = "";
			targets = (
				BD28DD3D2891A9470097D30D /* Actions&Outlets */,
				BD28DD562891A9480097D30D /* Actions&OutletsTests */,
				BD28DD602891A9490097D30D /* Actions&OutletsUITests */,
			);
		};
/* End PBXProject section */

/* Begin PBXResourcesBuildPhase section */
		BD28DD3C2891A9470097D30D /* Resources */ = {
			isa = PBXResourcesBuildPhase;
			buildActionMask = 2147483647;
			files = (
				BD28DD512891A9480097D30D /* LaunchScreen.storyboard in Resources */,
				BD28DD4E2891A9480097D30D /* Assets.xcassets in Resources */,
				BD28DD492891A9470097D30D /* Main.storyboard in Resources */,
			);
			runOnlyForDeploymentPostprocessing = 0;
		};
		BD28DD552891A9480097D30D /* Resources */ = {
			isa = PBXResourcesBuildPhase;
			buildActionMask = 2147483647;
			files = (
			);
			runOnlyForDeploymentPostprocessing = 0;
		};
		BD28DD5F2891A9490097D30D /* Resources */ = {
			isa = PBXResourcesBuildPhase;
			buildActionMask = 2147483647;
			files = (
			);
			runOnlyForDeploymentPostprocessing = 0;
		};
/* End PBXResourcesBuildPhase section */

/* Begin PBXSourcesBuildPhase section */
		BD28DD3A2891A9470097D30D /* Sources */ = {
			isa = PBXSourcesBuildPhase;
			buildActionMask = 2147483647;
			files = (
				BD28DD4C2891A9470097D30D /* Actions_Outlets.xcdatamodeld in Sources */,
				BD28DD462891A9470097D30D /* ViewController.swift in Sources */,
				BD28DD422891A9470097D30D /* AppDelegate.swift in Sources */,
				BD28DD442891A9470097D30D /* SceneDelegate.swift in Sources */,
			);
			runOnlyForDeploymentPostprocessing = 0;
		};
		BD28DD532891A9480097D30D /* Sources */ = {
			isa = PBXSourcesBuildPhase;
			buildActionMask = 2147483647;
			files = (
				BD28DD5C2891A9480097D30D /* Actions_OutletsTests.swift in Sources */,
			);
			runOnlyForDeploymentPostprocessing = 0;
		};
		BD28DD5D2891A9490097D30D /* Sources */ = {
			isa = PBXSourcesBuildPhase;
			buildActionMask = 2147483647;
			files = (
				BD28DD662891A9490097D30D /* Actions_OutletsUITests.swift in Sources */,
				BD28DD682891A9490097D30D /* Actions_OutletsUITestsLaunchTests.swift in Sources */,
			);
			runOnlyForDeploymentPostprocessing = 0;
		};
/* End PBXSourcesBuildPhase section */

/* Begin PBXTargetDependency section */
		BD28DD592891A9480097D30D /* PBXTargetDependency */ = {
			isa = PBXTargetDependency;
			target = BD28DD3D2891A9470097D30D /* Actions&Outlets */;
			targetProxy = BD28DD582891A9480097D30D /* PBXContainerItemProxy */;
		};
		BD28DD632891A9490097D30D /* PBXTargetDependency */ = {
			isa = PBXTargetDependency;
			target = BD28DD3D2891A9470097D30D /* Actions&Outlets */;
			targetProxy = BD28DD622891A9490097D30D /* PBXContainerItemProxy */;
		};
/* End PBXTargetDependency section */

/* Begin PBXVariantGroup section */
		BD28DD472891A9470097D30D /* Main.storyboard */ = {
			isa = PBXVariantGroup;
			children = (
				BD28DD482891A9470097D30D /* Base */,
			);
			name = Main.storyboard;
			sourceTree = "<group>";
		};
		BD28DD4F2891A9480097D30D /* LaunchScreen.storyboard */ = {
			isa = PBXVariantGroup;
			children = (
				BD28DD502891A9480097D30D /* Base */,
			);
			name = LaunchScreen.storyboard;
			sourceTree = "<group>";
		};
/* End PBXVariantGroup section */

/* Begin XCBuildConfiguration section */
		BD28DD692891A9490097D30D /* Debug */ = {
			isa = XCBuildConfiguration;
			buildSettings = {
				ALWAYS_SEARCH_USER_PATHS = NO;
				CLANG_ANALYZER_NONNULL = YES;
				CLANG_ANALYZER_NUMBER_OBJECT_CONVERSION = YES_AGGRESSIVE;
				CLANG_CXX_LANGUAGE_STANDARD = "gnu++17";
				CLANG_ENABLE_MODULES = YES;
				CLANG_ENABLE_OBJC_ARC = YES;
				CLANG_ENABLE_OBJC_WEAK = YES;
				CLANG_WARN_BLOCK_CAPTURE_AUTORELEASING = YES;
				CLANG_WARN_BOOL_CONVERSION = YES;
				CLANG_WARN_COMMA = YES;
				CLANG_WARN_CONSTANT_CONVERSION = YES;
				CLANG_WARN_DEPRECATED_OBJC_IMPLEMENTATIONS = YES;
				CLANG_WARN_DIRECT_OBJC_ISA_USAGE = YES_ERROR;
				CLANG_WARN_DOCUMENTATION_COMMENTS = YES;
				CLANG_WARN_EMPTY_BODY = YES;
				CLANG_WARN_ENUM_CONVERSION = YES;
				CLANG_WARN_INFINITE_RECURSION = YES;
				CLANG_WARN_INT_CONVERSION = YES;
				CLANG_WARN_NON_LITERAL_NULL_CONVERSION = YES;
				CLANG_WARN_OBJC_IMPLICIT_RETAIN_SELF = YES;
				CLANG_WARN_OBJC_LITERAL_CONVERSION = YES;
				CLANG_WARN_OBJC_ROOT_CLASS = YES_ERROR;
				CLANG_WARN_QUOTED_INCLUDE_IN_FRAMEWORK_HEADER = YES;
				CLANG_WARN_RANGE_LOOP_ANALYSIS = YES;
				CLANG_WARN_STRICT_PROTOTYPES = YES;
				CLANG_WARN_SUSPICIOUS_MOVE = YES;
				CLANG_WARN_UNGUARDED_AVAILABILITY = YES_AGGRESSIVE;
				CLANG_WARN_UNREACHABLE_CODE = YES;
				CLANG_WARN__DUPLICATE_METHOD_MATCH = YES;
				COPY_PHASE_STRIP = NO;
				DEBUG_INFORMATION_FORMAT = dwarf;
				ENABLE_STRICT_OBJC_MSGSEND = YES;
				ENABLE_TESTABILITY = YES;
				GCC_C_LANGUAGE_STANDARD = gnu11;
				GCC_DYNAMIC_NO_PIC = NO;
				GCC_NO_COMMON_BLOCKS = YES;
				GCC_OPTIMIZATION_LEVEL = 0;
				GCC_PREPROCESSOR_DEFINITIONS = (
					"DEBUG=1",
					"$(inherited)",
				);
				GCC_WARN_64_TO_32_BIT_CONVERSION = YES;
				GCC_WARN_ABOUT_RETURN_TYPE = YES_ERROR;
				GCC_WARN_UNDECLARED_SELECTOR = YES;
				GCC_WARN_UNINITIALIZED_AUTOS = YES_AGGRESSIVE;
				GCC_WARN_UNUSED_FUNCTION = YES;
				GCC_WARN_UNUSED_VARIABLE = YES;
				IPHONEOS_DEPLOYMENT_TARGET = 15.5;
				MTL_ENABLE_DEBUG_INFO = INCLUDE_SOURCE;
				MTL_FAST_MATH = YES;
				ONLY_ACTIVE_ARCH = YES;
				SDKROOT = iphoneos;
				SWIFT_ACTIVE_COMPILATION_CONDITIONS = DEBUG;
				SWIFT_OPTIMIZATION_LEVEL = "-Onone";
			};
			name = Debug;
		};
		BD28DD6A2891A9490097D30D /* Release */ = {
			isa = XCBuildConfiguration;
			buildSettings = {
				ALWAYS_SEARCH_USER_PATHS = NO;
				CLANG_ANALYZER_NONNULL = YES;
				CLANG_ANALYZER_NUMBER_OBJECT_CONVERSION = YES_AGGRESSIVE;
				CLANG_CXX_LANGUAGE_STANDARD = "gnu++17";
				CLANG_ENABLE_MODULES = YES;
				CLANG_ENABLE_OBJC_ARC = YES;
				CLANG_ENABLE_OBJC_WEAK = YES;
				CLANG_WARN_BLOCK_CAPTURE_AUTORELEASING = YES;
				CLANG_WARN_BOOL_CONVERSION = YES;
				CLANG_WARN_COMMA = YES;
				CLANG_WARN_CONSTANT_CONVERSION = YES;
				CLANG_WARN_DEPRECATED_OBJC_IMPLEMENTATIONS = YES;
				CLANG_WARN_DIRECT_OBJC_ISA_USAGE = YES_ERROR;
				CLANG_WARN_DOCUMENTATION_COMMENTS = YES;
				CLANG_WARN_EMPTY_BODY = YES;
				CLANG_WARN_ENUM_CONVERSION = YES;
				CLANG_WARN_INFINITE_RECURSION = YES;
				CLANG_WARN_INT_CONVERSION = YES;
				CLANG_WARN_NON_LITERAL_NULL_CONVERSION = YES;
				CLANG_WARN_OBJC_IMPLICIT_RETAIN_SELF = YES;
				CLANG_WARN_OBJC_LITERAL_CONVERSION = YES;
				CLANG_WARN_OBJC_ROOT_CLASS = YES_ERROR;
				CLANG_WARN_QUOTED_INCLUDE_IN_FRAMEWORK_HEADER = YES;
				CLANG_WARN_RANGE_LOOP_ANALYSIS = YES;
				CLANG_WARN_STRICT_PROTOTYPES = YES;
				CLANG_WARN_SUSPICIOUS_MOVE = YES;
				CLANG_WARN_UNGUARDED_AVAILABILITY = YES_AGGRESSIVE;
				CLANG_WARN_UNREACHABLE_CODE = YES;
				CLANG_WARN__DUPLICATE_METHOD_MATCH = YES;
				COPY_PHASE_STRIP = NO;
				DEBUG_INFORMATION_FORMAT = "dwarf-with-dsym";
				ENABLE_NS_ASSERTIONS = NO;
				ENABLE_STRICT_OBJC_MSGSEND = YES;
				GCC_C_LANGUAGE_STANDARD = gnu11;
				GCC_NO_COMMON_BLOCKS = YES;
				GCC_WARN_64_TO_32_BIT_CONVERSION = YES;
				GCC_WARN_ABOUT_RETURN_TYPE = YES_ERROR;
				GCC_WARN_UNDECLARED_SELECTOR = YES;
				GCC_WARN_UNINITIALIZED_AUTOS = YES_AGGRESSIVE;
				GCC_WARN_UNUSED_FUNCTION = YES;
				GCC_WARN_UNUSED_VARIABLE = YES;
				IPHONEOS_DEPLOYMENT_TARGET = 15.5;
				MTL_ENABLE_DEBUG_INFO = NO;
				MTL_FAST_MATH = YES;
				SDKROOT = iphoneos;
				SWIFT_COMPILATION_MODE = wholemodule;
				SWIFT_OPTIMIZATION_LEVEL = "-O";
				VALIDATE_PRODUCT = YES;
			};
			name = Release;
		};
		BD28DD6C2891A9490097D30D /* Debug */ = {
			isa = XCBuildConfiguration;
			buildSettings = {
				ASSETCATALOG_COMPILER_APPICON_NAME = AppIcon;
				ASSETCATALOG_COMPILER_GLOBAL_ACCENT_COLOR_NAME = AccentColor;
				CODE_SIGN_STYLE = Automatic;
				CURRENT_PROJECT_VERSION = 1;
				GENERATE_INFOPLIST_FILE = YES;
				INFOPLIST_FILE = "Actions&Outlets/Info.plist";
				INFOPLIST_KEY_UIApplicationSupportsIndirectInputEvents = YES;
				INFOPLIST_KEY_UILaunchStoryboardName = LaunchScreen;
				INFOPLIST_KEY_UIMainStoryboardFile = Main;
				INFOPLIST_KEY_UISupportedInterfaceOrientations_iPad = "UIInterfaceOrientationPortrait UIInterfaceOrientationPortraitUpsideDown UIInterfaceOrientationLandscapeLeft UIInterfaceOrientationLandscapeRight";
				INFOPLIST_KEY_UISupportedInterfaceOrientations_iPhone = "UIInterfaceOrientationPortrait UIInterfaceOrientationLandscapeLeft UIInterfaceOrientationLandscapeRight";
				LD_RUNPATH_SEARCH_PATHS = (
					"$(inherited)",
					"@executable_path/Frameworks",
				);
				MARKETING_VERSION = 1.0;
				PRODUCT_BUNDLE_IDENTIFIER = "KWK.Actions-Outlets";
				PRODUCT_NAME = "$(TARGET_NAME)";
				SWIFT_EMIT_LOC_STRINGS = YES;
				SWIFT_VERSION = 5.0;
				TARGETED_DEVICE_FAMILY = "1,2";
			};
			name = Debug;
		};
		BD28DD6D2891A9490097D30D /* Release */ = {
			isa = XCBuildConfiguration;
			buildSettings = {
				ASSETCATALOG_COMPILER_APPICON_NAME = AppIcon;
				ASSETCATALOG_COMPILER_GLOBAL_ACCENT_COLOR_NAME = AccentColor;
				CODE_SIGN_STYLE = Automatic;
				CURRENT_PROJECT_VERSION = 1;
				GENERATE_INFOPLIST_FILE = YES;
				INFOPLIST_FILE = "Actions&Outlets/Info.plist";
				INFOPLIST_KEY_UIApplicationSupportsIndirectInputEvents = YES;
				INFOPLIST_KEY_UILaunchStoryboardName = LaunchScreen;
				INFOPLIST_KEY_UIMainStoryboardFile = Main;
				INFOPLIST_KEY_UISupportedInterfaceOrientations_iPad = "UIInterfaceOrientationPortrait UIInterfaceOrientationPortraitUpsideDown UIInterfaceOrientationLandscapeLeft UIInterfaceOrientationLandscapeRight";
				INFOPLIST_KEY_UISupportedInterfaceOrientations_iPhone = "UIInterfaceOrientationPortrait UIInterfaceOrientationLandscapeLeft UIInterfaceOrientationLandscapeRight";
				LD_RUNPATH_SEARCH_PATHS = (
					"$(inherited)",
					"@executable_path/Frameworks",
				);
				MARKETING_VERSION = 1.0;
				PRODUCT_BUNDLE_IDENTIFIER = "KWK.Actions-Outlets";
				PRODUCT_NAME = "$(TARGET_NAME)";
				SWIFT_EMIT_LOC_STRINGS = YES;
				SWIFT_VERSION = 5.0;
				TARGETED_DEVICE_FAMILY = "1,2";
			};
			name = Release;
		};
		BD28DD6F2891A9490097D30D /* Debug */ = {
			isa = XCBuildConfiguration;
			buildSettings = {
				ALWAYS_EMBED_SWIFT_STANDARD_LIBRARIES = YES;
				BUNDLE_LOADER = "$(TEST_HOST)";
				CODE_SIGN_STYLE = Automatic;
				CURRENT_PROJECT_VERSION = 1;
				GENERATE_INFOPLIST_FILE = YES;
				IPHONEOS_DEPLOYMENT_TARGET = 15.5;
				MARKETING_VERSION = 1.0;
				PRODUCT_BUNDLE_IDENTIFIER = "KWK.Actions-OutletsTests";
				PRODUCT_NAME = "$(TARGET_NAME)";
				SWIFT_EMIT_LOC_STRINGS = NO;
				SWIFT_VERSION = 5.0;
				TARGETED_DEVICE_FAMILY = "1,2";
				TEST_HOST = "$(BUILT_PRODUCTS_DIR)/Actions&Outlets.app/Actions&Outlets";
			};
			name = Debug;
		};
		BD28DD702891A9490097D30D /* Release */ = {
			isa = XCBuildConfiguration;
			buildSettings = {
				ALWAYS_EMBED_SWIFT_STANDARD_LIBRARIES = YES;
				BUNDLE_LOADER = "$(TEST_HOST)";
				CODE_SIGN_STYLE = Automatic;
				CURRENT_PROJECT_VERSION = 1;
				GENERATE_INFOPLIST_FILE = YES;
				IPHONEOS_DEPLOYMENT_TARGET = 15.5;
				MARKETING_VERSION = 1.0;
				PRODUCT_BUNDLE_IDENTIFIER = "KWK.Actions-OutletsTests";
				PRODUCT_NAME = "$(TARGET_NAME)";
				SWIFT_EMIT_LOC_STRINGS = NO;
				SWIFT_VERSION = 5.0;
				TARGETED_DEVICE_FAMILY = "1,2";
				TEST_HOST = "$(BUILT_PRODUCTS_DIR)/Actions&Outlets.app/Actions&Outlets";
			};
			name = Release;
		};
		BD28DD722891A9490097D30D /* Debug */ = {
			isa = XCBuildConfiguration;
			buildSettings = {
				ALWAYS_EMBED_SWIFT_STANDARD_LIBRARIES = YES;
				CODE_SIGN_STYLE = Automatic;
				CURRENT_PROJECT_VERSION = 1;
				GENERATE_INFOPLIST_FILE = YES;
				MARKETING_VERSION = 1.0;
				PRODUCT_BUNDLE_IDENTIFIER = "KWK.Actions-OutletsUITests";
				PRODUCT_NAME = "$(TARGET_NAME)";
				SWIFT_EMIT_LOC_STRINGS = NO;
				SWIFT_VERSION = 5.0;
				TARGETED_DEVICE_FAMILY = "1,2";
				TEST_TARGET_NAME = "Actions&Outlets";
			};
			name = Debug;
		};
		BD28DD732891A9490097D30D /* Release */ = {
			isa = XCBuildConfiguration;
			buildSettings = {
				ALWAYS_EMBED_SWIFT_STANDARD_LIBRARIES = YES;
				CODE_SIGN_STYLE = Automatic;
				CURRENT_PROJECT_VERSION = 1;
				GENERATE_INFOPLIST_FILE = YES;
				MARKETING_VERSION = 1.0;
				PRODUCT_BUNDLE_IDENTIFIER = "KWK.Actions-OutletsUITests";
				PRODUCT_NAME = "$(TARGET_NAME)";
				SWIFT_EMIT_LOC_STRINGS = NO;
				SWIFT_VERSION = 5.0;
				TARGETED_DEVICE_FAMILY = "1,2";
				TEST_TARGET_NAME = "Actions&Outlets";
			};
			name = Release;
		};
/* End XCBuildConfiguration section */

/* Begin XCConfigurationList section */
		BD28DD392891A9470097D30D /* Build configuration list for PBXProject "Actions&Outlets" */ = {
			isa = XCConfigurationList;
			buildConfigurations = (
				BD28DD692891A9490097D30D /* Debug */,
				BD28DD6A2891A9490097D30D /* Release */,
			);
			defaultConfigurationIsVisible = 0;
			defaultConfigurationName = Release;
		};
		BD28DD6B2891A9490097D30D /* Build configuration list for PBXNativeTarget "Actions&Outlets" */ = {
			isa = XCConfigurationList;
			buildConfigurations = (
				BD28DD6C2891A9490097D30D /* Debug */,
				BD28DD6D2891A9490097D30D /* Release */,
			);
			defaultConfigurationIsVisible = 0;
			defaultConfigurationName = Release;
		};
		BD28DD6E2891A9490097D30D /* Build configuration list for PBXNativeTarget "Actions&OutletsTests" */ = {
			isa = XCConfigurationList;
			buildConfigurations = (
				BD28DD6F2891A9490097D30D /* Debug */,
				BD28DD702891A9490097D30D /* Release */,
			);
			defaultConfigurationIsVisible = 0;
			defaultConfigurationName = Release;
		};
		BD28DD712891A9490097D30D /* Build configuration list for PBXNativeTarget "Actions&OutletsUITests" */ = {
			isa = XCConfigurationList;
			buildConfigurations = (
				BD28DD722891A9490097D30D /* Debug */,
				BD28DD732891A9490097D30D /* Release */,
			);
			defaultConfigurationIsVisible = 0;
			defaultConfigurationName = Release;
		};
/* End XCConfigurationList section */

/* Begin XCVersionGroup section */
		BD28DD4A2891A9470097D30D /* Actions_Outlets.xcdatamodeld */ = {
			isa = XCVersionGroup;
			children = (
				BD28DD4B2891A9470097D30D /* Actions_Outlets.xcdatamodel */,
			);
			currentVersion = BD28DD4B2891A9470097D30D /* Actions_Outlets.xcdatamodel */;
			path = Actions_Outlets.xcdatamodeld;
			sourceTree = "<group>";
			versionGroupType = wrapper.xcdatamodel;
		};
/* End XCVersionGroup section */
	};
	rootObject = BD28DD362891A9470097D30D /* Project object */;
}
