// !$*UTF8*$!
{
	archiveVersion = 1;
	classes = {
	};
	objectVersion = 55;
	objects = {

/* Begin PBXBuildFile section */
		BD28DD812891B2520097D30D /* AppDelegate.swift in Sources */ = {isa = PBXBuildFile; fileRef = BD28DD802891B2520097D30D /* AppDelegate.swift */; };
		BD28DD832891B2520097D30D /* SceneDelegate.swift in Sources */ = {isa = PBXBuildFile; fileRef = BD28DD822891B2520097D30D /* SceneDelegate.swift */; };
		BD28DD852891B2520097D30D /* ViewController.swift in Sources */ = {isa = PBXBuildFile; fileRef = BD28DD842891B2520097D30D /* ViewController.swift */; };
		BD28DD882891B2520097D30D /* Main.storyboard in Resources */ = {isa = PBXBuildFile; fileRef = BD28DD862891B2520097D30D /* Main.storyboard */; };
		BD28DD8B2891B2520097D30D /* MiniProject1.xcdatamodeld in Sources */ = {isa = PBXBuildFile; fileRef = BD28DD892891B2520097D30D /* MiniProject1.xcdatamodeld */; };
		BD28DD8D2891B2530097D30D /* Assets.xcassets in Resources */ = {isa = PBXBuildFile; fileRef = BD28DD8C2891B2530097D30D /* Assets.xcassets */; };
		BD28DD902891B2530097D30D /* LaunchScreen.storyboard in Resources */ = {isa = PBXBuildFile; fileRef = BD28DD8E2891B2530097D30D /* LaunchScreen.storyboard */; };
		BD28DD9B2891B2540097D30D /* MiniProject1Tests.swift in Sources */ = {isa = PBXBuildFile; fileRef = BD28DD9A2891B2540097D30D /* MiniProject1Tests.swift */; };
		BD28DDA52891B2540097D30D /* MiniProject1UITests.swift in Sources */ = {isa = PBXBuildFile; fileRef = BD28DDA42891B2540097D30D /* MiniProject1UITests.swift */; };
		BD28DDA72891B2540097D30D /* MiniProject1UITestsLaunchTests.swift in Sources */ = {isa = PBXBuildFile; fileRef = BD28DDA62891B2540097D30D /* MiniProject1UITestsLaunchTests.swift */; };
/* End PBXBuildFile section */

/* Begin PBXContainerItemProxy section */
		BD28DD972891B2540097D30D /* PBXContainerItemProxy */ = {
			isa = PBXContainerItemProxy;
			containerPortal = BD28DD752891B2520097D30D /* Project object */;
			proxyType = 1;
			remoteGlobalIDString = BD28DD7C2891B2520097D30D;
			remoteInfo = MiniProject1;
		};
		BD28DDA12891B2540097D30D /* PBXContainerItemProxy */ = {
			isa = PBXContainerItemProxy;
			containerPortal = BD28DD752891B2520097D30D /* Project object */;
			proxyType = 1;
			remoteGlobalIDString = BD28DD7C2891B2520097D30D;
			remoteInfo = MiniProject1;
		};
/* End PBXContainerItemProxy section */

/* Begin PBXFileReference section */
		BD28DD7D2891B2520097D30D /* MiniProject1.app */ = {isa = PBXFileReference; explicitFileType = wrapper.application; includeInIndex = 0; path = MiniProject1.app; sourceTree = BUILT_PRODUCTS_DIR; };
		BD28DD802891B2520097D30D /* AppDelegate.swift */ = {isa = PBXFileReference; lastKnownFileType = sourcecode.swift; path = AppDelegate.swift; sourceTree = "<group>"; };
		BD28DD822891B2520097D30D /* SceneDelegate.swift */ = {isa = PBXFileReference; lastKnownFileType = sourcecode.swift; path = SceneDelegate.swift; sourceTree = "<group>"; };
		BD28DD842891B2520097D30D /* ViewController.swift */ = {isa = PBXFileReference; lastKnownFileType = sourcecode.swift; path = ViewController.swift; sourceTree = "<group>"; };
		BD28DD872891B2520097D30D /* Base */ = {isa = PBXFileReference; lastKnownFileType = file.storyboard; name = Base; path = Base.lproj/Main.storyboard; sourceTree = "<group>"; };
		BD28DD8A2891B2520097D30D /* MiniProject1.xcdatamodel */ = {isa = PBXFileReference; lastKnownFileType = wrapper.xcdatamodel; path = MiniProject1.xcdatamodel; sourceTree = "<group>"; };
		BD28DD8C2891B2530097D30D /* Assets.xcassets */ = {isa = PBXFileReference; lastKnownFileType = folder.assetcatalog; path = Assets.xcassets; sourceTree = "<group>"; };
		BD28DD8F2891B2530097D30D /* Base */ = {isa = PBXFileReference; lastKnownFileType = file.storyboard; name = Base; path = Base.lproj/LaunchScreen.storyboard; sourceTree = "<group>"; };
		BD28DD912891B2530097D30D /* Info.plist */ = {isa = PBXFileReference; lastKnownFileType = text.plist.xml; path = Info.plist; sourceTree = "<group>"; };
		BD28DD962891B2540097D30D /* MiniProject1Tests.xctest */ = {isa = PBXFileReference; explicitFileType = wrapper.cfbundle; includeInIndex = 0; path = MiniProject1Tests.xctest; sourceTree = BUILT_PRODUCTS_DIR; };
		BD28DD9A2891B2540097D30D /* MiniProject1Tests.swift */ = {isa = PBXFileReference; lastKnownFileType = sourcecode.swift; path = MiniProject1Tests.swift; sourceTree = "<group>"; };
		BD28DDA02891B2540097D30D /* MiniProject1UITests.xctest */ = {isa = PBXFileReference; explicitFileType = wrapper.cfbundle; includeInIndex = 0; path = MiniProject1UITests.xctest; sourceTree = BUILT_PRODUCTS_DIR; };
		BD28DDA42891B2540097D30D /* MiniProject1UITests.swift */ = {isa = PBXFileReference; lastKnownFileType = sourcecode.swift; path = MiniProject1UITests.swift; sourceTree = "<group>"; };
		BD28DDA62891B2540097D30D /* MiniProject1UITestsLaunchTests.swift */ = {isa = PBXFileReference; lastKnownFileType = sourcecode.swift; path = MiniProject1UITestsLaunchTests.swift; sourceTree = "<group>"; };
/* End PBXFileReference section */

/* Begin PBXFrameworksBuildPhase section */
		BD28DD7A2891B2520097D30D /* Frameworks */ = {
			isa = PBXFrameworksBuildPhase;
			buildActionMask = 2147483647;
			files = (
			);
			runOnlyForDeploymentPostprocessing = 0;
		};
		BD28DD932891B2540097D30D /* Frameworks */ = {
			isa = PBXFrameworksBuildPhase;
			buildActionMask = 2147483647;
			files = (
			);
			runOnlyForDeploymentPostprocessing = 0;
		};
		BD28DD9D2891B2540097D30D /* Frameworks */ = {
			isa = PBXFrameworksBuildPhase;
			buildActionMask = 2147483647;
			files = (
			);
			runOnlyForDeploymentPostprocessing = 0;
		};
/* End PBXFrameworksBuildPhase section */

/* Begin PBXGroup section */
		BD28DD742891B2520097D30D = {
			isa = PBXGroup;
			children = (
				BD28DD7F2891B2520097D30D /* MiniProject1 */,
				BD28DD992891B2540097D30D /* MiniProject1Tests */,
				BD28DDA32891B2540097D30D /* MiniProject1UITests */,
				BD28DD7E2891B2520097D30D /* Products */,
			);
			sourceTree = "<group>";
		};
		BD28DD7E2891B2520097D30D /* Products */ = {
			isa = PBXGroup;
			children = (
				BD28DD7D2891B2520097D30D /* MiniProject1.app */,
				BD28DD962891B2540097D30D /* MiniProject1Tests.xctest */,
				BD28DDA02891B2540097D30D /* MiniProject1UITests.xctest */,
			);
			name = Products;
			sourceTree = "<group>";
		};
		BD28DD7F2891B2520097D30D /* MiniProject1 */ = {
			isa = PBXGroup;
			children = (
				BD28DD802891B2520097D30D /* AppDelegate.swift */,
				BD28DD822891B2520097D30D /* SceneDelegate.swift */,
				BD28DD842891B2520097D30D /* ViewController.swift */,
				BD28DD862891B2520097D30D /* Main.storyboard */,
				BD28DD8C2891B2530097D30D /* Assets.xcassets */,
				BD28DD8E2891B2530097D30D /* LaunchScreen.storyboard */,
				BD28DD912891B2530097D30D /* Info.plist */,
				BD28DD892891B2520097D30D /* MiniProject1.xcdatamodeld */,
			);
			path = MiniProject1;
			sourceTree = "<group>";
		};
		BD28DD992891B2540097D30D /* MiniProject1Tests */ = {
			isa = PBXGroup;
			children = (
				BD28DD9A2891B2540097D30D /* MiniProject1Tests.swift */,
			);
			path = MiniProject1Tests;
			sourceTree = "<group>";
		};
		BD28DDA32891B2540097D30D /* MiniProject1UITests */ = {
			isa = PBXGroup;
			children = (
				BD28DDA42891B2540097D30D /* MiniProject1UITests.swift */,
				BD28DDA62891B2540097D30D /* MiniProject1UITestsLaunchTests.swift */,
			);
			path = MiniProject1UITests;
			sourceTree = "<group>";
		};
/* End PBXGroup section */

/* Begin PBXNativeTarget section */
		BD28DD7C2891B2520097D30D /* MiniProject1 */ = {
			isa = PBXNativeTarget;
			buildConfigurationList = BD28DDAA2891B2540097D30D /* Build configuration list for PBXNativeTarget "MiniProject1" */;
			buildPhases = (
				BD28DD792891B2520097D30D /* Sources */,
				BD28DD7A2891B2520097D30D /* Frameworks */,
				BD28DD7B2891B2520097D30D /* Resources */,
			);
			buildRules = (
			);
			dependencies = (
			);
			name = MiniProject1;
			productName = MiniProject1;
			productReference = BD28DD7D2891B2520097D30D /* MiniProject1.app */;
			productType = "com.apple.product-type.application";
		};
		BD28DD952891B2540097D30D /* MiniProject1Tests */ = {
			isa = PBXNativeTarget;
			buildConfigurationList = BD28DDAD2891B2540097D30D /* Build configuration list for PBXNativeTarget "MiniProject1Tests" */;
			buildPhases = (
				BD28DD922891B2540097D30D /* Sources */,
				BD28DD932891B2540097D30D /* Frameworks */,
				BD28DD942891B2540097D30D /* Resources */,
			);
			buildRules = (
			);
			dependencies = (
				BD28DD982891B2540097D30D /* PBXTargetDependency */,
			);
			name = MiniProject1Tests;
			productName = MiniProject1Tests;
			productReference = BD28DD962891B2540097D30D /* MiniProject1Tests.xctest */;
			productType = "com.apple.product-type.bundle.unit-test";
		};
		BD28DD9F2891B2540097D30D /* MiniProject1UITests */ = {
			isa = PBXNativeTarget;
			buildConfigurationList = BD28DDB02891B2540097D30D /* Build configuration list for PBXNativeTarget "MiniProject1UITests" */;
			buildPhases = (
				BD28DD9C2891B2540097D30D /* Sources */,
				BD28DD9D2891B2540097D30D /* Frameworks */,
				BD28DD9E2891B2540097D30D /* Resources */,
			);
			buildRules = (
			);
			dependencies = (
				BD28DDA22891B2540097D30D /* PBXTargetDependency */,
			);
			name = MiniProject1UITests;
			productName = MiniProject1UITests;
			productReference = BD28DDA02891B2540097D30D /* MiniProject1UITests.xctest */;
			productType = "com.apple.product-type.bundle.ui-testing";
		};
/* End PBXNativeTarget section */

/* Begin PBXProject section */
		BD28DD752891B2520097D30D /* Project object */ = {
			isa = PBXProject;
			attributes = {
				BuildIndependentTargetsInParallel = 1;
				LastSwiftUpdateCheck = 1340;
				LastUpgradeCheck = 1340;
				TargetAttributes = {
					BD28DD7C2891B2520097D30D = {
						CreatedOnToolsVersion = 13.4.1;
					};
					BD28DD952891B2540097D30D = {
						CreatedOnToolsVersion = 13.4.1;
						TestTargetID = BD28DD7C2891B2520097D30D;
					};
					BD28DD9F2891B2540097D30D = {
						CreatedOnToolsVersion = 13.4.1;
						TestTargetID = BD28DD7C2891B2520097D30D;
					};
				};
			};
			buildConfigurationList = BD28DD782891B2520097D30D /* Build configuration list for PBXProject "MiniProject1" */;
			compatibilityVersion = "Xcode 13.0";
			developmentRegion = en;
			hasScannedForEncodings = 0;
			knownRegions = (
				en,
				Base,
			);
			mainGroup = BD28DD742891B2520097D30D;
			productRefGroup = BD28DD7E2891B2520097D30D /* Products */;
			projectDirPath = "";
			projectRoot = "";
			targets = (
				BD28DD7C2891B2520097D30D /* MiniProject1 */,
				BD28DD952891B2540097D30D /* MiniProject1Tests */,
				BD28DD9F2891B2540097D30D /* MiniProject1UITests */,
			);
		};
/* End PBXProject section */

/* Begin PBXResourcesBuildPhase section */
		BD28DD7B2891B2520097D30D /* Resources */ = {
			isa = PBXResourcesBuildPhase;
			buildActionMask = 2147483647;
			files = (
				BD28DD902891B2530097D30D /* LaunchScreen.storyboard in Resources */,
				BD28DD8D2891B2530097D30D /* Assets.xcassets in Resources */,
				BD28DD882891B2520097D30D /* Main.storyboard in Resources */,
			);
			runOnlyForDeploymentPostprocessing = 0;
		};
		BD28DD942891B2540097D30D /* Resources */ = {
			isa = PBXResourcesBuildPhase;
			buildActionMask = 2147483647;
			files = (
			);
			runOnlyForDeploymentPostprocessing = 0;
		};
		BD28DD9E2891B2540097D30D /* Resources */ = {
			isa = PBXResourcesBuildPhase;
			buildActionMask = 2147483647;
			files = (
			);
			runOnlyForDeploymentPostprocessing = 0;
		};
/* End PBXResourcesBuildPhase section */

/* Begin PBXSourcesBuildPhase section */
		BD28DD792891B2520097D30D /* Sources */ = {
			isa = PBXSourcesBuildPhase;
			buildActionMask = 2147483647;
			files = (
				BD28DD852891B2520097D30D /* ViewController.swift in Sources */,
				BD28DD812891B2520097D30D /* AppDelegate.swift in Sources */,
				BD28DD8B2891B2520097D30D /* MiniProject1.xcdatamodeld in Sources */,
				BD28DD832891B2520097D30D /* SceneDelegate.swift in Sources */,
			);
			runOnlyForDeploymentPostprocessing = 0;
		};
		BD28DD922891B2540097D30D /* Sources */ = {
			isa = PBXSourcesBuildPhase;
			buildActionMask = 2147483647;
			files = (
				BD28DD9B2891B2540097D30D /* MiniProject1Tests.swift in Sources */,
			);
			runOnlyForDeploymentPostprocessing = 0;
		};
		BD28DD9C2891B2540097D30D /* Sources */ = {
			isa = PBXSourcesBuildPhase;
			buildActionMask = 2147483647;
			files = (
				BD28DDA52891B2540097D30D /* MiniProject1UITests.swift in Sources */,
				BD28DDA72891B2540097D30D /* MiniProject1UITestsLaunchTests.swift in Sources */,
			);
			runOnlyForDeploymentPostprocessing = 0;
		};
/* End PBXSourcesBuildPhase section */

/* Begin PBXTargetDependency section */
		BD28DD982891B2540097D30D /* PBXTargetDependency */ = {
			isa = PBXTargetDependency;
			target = BD28DD7C2891B2520097D30D /* MiniProject1 */;
			targetProxy = BD28DD972891B2540097D30D /* PBXContainerItemProxy */;
		};
		BD28DDA22891B2540097D30D /* PBXTargetDependency */ = {
			isa = PBXTargetDependency;
			target = BD28DD7C2891B2520097D30D /* MiniProject1 */;
			targetProxy = BD28DDA12891B2540097D30D /* PBXContainerItemProxy */;
		};
/* End PBXTargetDependency section */

/* Begin PBXVariantGroup section */
		BD28DD862891B2520097D30D /* Main.storyboard */ = {
			isa = PBXVariantGroup;
			children = (
				BD28DD872891B2520097D30D /* Base */,
			);
			name = Main.storyboard;
			sourceTree = "<group>";
		};
		BD28DD8E2891B2530097D30D /* LaunchScreen.storyboard */ = {
			isa = PBXVariantGroup;
			children = (
				BD28DD8F2891B2530097D30D /* Base */,
			);
			name = LaunchScreen.storyboard;
			sourceTree = "<group>";
		};
/* End PBXVariantGroup section */

/* Begin XCBuildConfiguration section */
		BD28DDA82891B2540097D30D /* Debug */ = {
			isa = XCBuildConfiguration;
			buildSettings = {
				ALWAYS_SEARCH_USER_PATHS = NO;
				CLANG_ANALYZER_NONNULL = YES;
				CLANG_ANALYZER_NUMBER_OBJECT_CONVERSION = YES_AGGRESSIVE;
				CLANG_CXX_LANGUAGE_STANDARD = "gnu++17";
				CLANG_ENABLE_MODULES = YES;
				CLANG_ENABLE_OBJC_ARC = YES;
				CLANG_ENABLE_OBJC_WEAK = YES;
				CLANG_WARN_BLOCK_CAPTURE_AUTORELEASING = YES;
				CLANG_WARN_BOOL_CONVERSION = YES;
				CLANG_WARN_COMMA = YES;
				CLANG_WARN_CONSTANT_CONVERSION = YES;
				CLANG_WARN_DEPRECATED_OBJC_IMPLEMENTATIONS = YES;
				CLANG_WARN_DIRECT_OBJC_ISA_USAGE = YES_ERROR;
				CLANG_WARN_DOCUMENTATION_COMMENTS = YES;
				CLANG_WARN_EMPTY_BODY = YES;
				CLANG_WARN_ENUM_CONVERSION = YES;
				CLANG_WARN_INFINITE_RECURSION = YES;
				CLANG_WARN_INT_CONVERSION = YES;
				CLANG_WARN_NON_LITERAL_NULL_CONVERSION = YES;
				CLANG_WARN_OBJC_IMPLICIT_RETAIN_SELF = YES;
				CLANG_WARN_OBJC_LITERAL_CONVERSION = YES;
				CLANG_WARN_OBJC_ROOT_CLASS = YES_ERROR;
				CLANG_WARN_QUOTED_INCLUDE_IN_FRAMEWORK_HEADER = YES;
				CLANG_WARN_RANGE_LOOP_ANALYSIS = YES;
				CLANG_WARN_STRICT_PROTOTYPES = YES;
				CLANG_WARN_SUSPICIOUS_MOVE = YES;
				CLANG_WARN_UNGUARDED_AVAILABILITY = YES_AGGRESSIVE;
				CLANG_WARN_UNREACHABLE_CODE = YES;
				CLANG_WARN__DUPLICATE_METHOD_MATCH = YES;
				COPY_PHASE_STRIP = NO;
				DEBUG_INFORMATION_FORMAT = dwarf;
				ENABLE_STRICT_OBJC_MSGSEND = YES;
				ENABLE_TESTABILITY = YES;
				GCC_C_LANGUAGE_STANDARD = gnu11;
				GCC_DYNAMIC_NO_PIC = NO;
				GCC_NO_COMMON_BLOCKS = YES;
				GCC_OPTIMIZATION_LEVEL = 0;
				GCC_PREPROCESSOR_DEFINITIONS = (
					"DEBUG=1",
					"$(inherited)",
				);
				GCC_WARN_64_TO_32_BIT_CONVERSION = YES;
				GCC_WARN_ABOUT_RETURN_TYPE = YES_ERROR;
				GCC_WARN_UNDECLARED_SELECTOR = YES;
				GCC_WARN_UNINITIALIZED_AUTOS = YES_AGGRESSIVE;
				GCC_WARN_UNUSED_FUNCTION = YES;
				GCC_WARN_UNUSED_VARIABLE = YES;
				IPHONEOS_DEPLOYMENT_TARGET = 15.5;
				MTL_ENABLE_DEBUG_INFO = INCLUDE_SOURCE;
				MTL_FAST_MATH = YES;
				ONLY_ACTIVE_ARCH = YES;
				SDKROOT = iphoneos;
				SWIFT_ACTIVE_COMPILATION_CONDITIONS = DEBUG;
				SWIFT_OPTIMIZATION_LEVEL = "-Onone";
			};
			name = Debug;
		};
		BD28DDA92891B2540097D30D /* Release */ = {
			isa = XCBuildConfiguration;
			buildSettings = {
				ALWAYS_SEARCH_USER_PATHS = NO;
				CLANG_ANALYZER_NONNULL = YES;
				CLANG_ANALYZER_NUMBER_OBJECT_CONVERSION = YES_AGGRESSIVE;
				CLANG_CXX_LANGUAGE_STANDARD = "gnu++17";
				CLANG_ENABLE_MODULES = YES;
				CLANG_ENABLE_OBJC_ARC = YES;
				CLANG_ENABLE_OBJC_WEAK = YES;
				CLANG_WARN_BLOCK_CAPTURE_AUTORELEASING = YES;
				CLANG_WARN_BOOL_CONVERSION = YES;
				CLANG_WARN_COMMA = YES;
				CLANG_WARN_CONSTANT_CONVERSION = YES;
				CLANG_WARN_DEPRECATED_OBJC_IMPLEMENTATIONS = YES;
				CLANG_WARN_DIRECT_OBJC_ISA_USAGE = YES_ERROR;
				CLANG_WARN_DOCUMENTATION_COMMENTS = YES;
				CLANG_WARN_EMPTY_BODY = YES;
				CLANG_WARN_ENUM_CONVERSION = YES;
				CLANG_WARN_INFINITE_RECURSION = YES;
				CLANG_WARN_INT_CONVERSION = YES;
				CLANG_WARN_NON_LITERAL_NULL_CONVERSION = YES;
				CLANG_WARN_OBJC_IMPLICIT_RETAIN_SELF = YES;
				CLANG_WARN_OBJC_LITERAL_CONVERSION = YES;
				CLANG_WARN_OBJC_ROOT_CLASS = YES_ERROR;
				CLANG_WARN_QUOTED_INCLUDE_IN_FRAMEWORK_HEADER = YES;
				CLANG_WARN_RANGE_LOOP_ANALYSIS = YES;
				CLANG_WARN_STRICT_PROTOTYPES = YES;
				CLANG_WARN_SUSPICIOUS_MOVE = YES;
				CLANG_WARN_UNGUARDED_AVAILABILITY = YES_AGGRESSIVE;
				CLANG_WARN_UNREACHABLE_CODE = YES;
				CLANG_WARN__DUPLICATE_METHOD_MATCH = YES;
				COPY_PHASE_STRIP = NO;
				DEBUG_INFORMATION_FORMAT = "dwarf-with-dsym";
				ENABLE_NS_ASSERTIONS = NO;
				ENABLE_STRICT_OBJC_MSGSEND = YES;
				GCC_C_LANGUAGE_STANDARD = gnu11;
				GCC_NO_COMMON_BLOCKS = YES;
				GCC_WARN_64_TO_32_BIT_CONVERSION = YES;
				GCC_WARN_ABOUT_RETURN_TYPE = YES_ERROR;
				GCC_WARN_UNDECLARED_SELECTOR = YES;
				GCC_WARN_UNINITIALIZED_AUTOS = YES_AGGRESSIVE;
				GCC_WARN_UNUSED_FUNCTION = YES;
				GCC_WARN_UNUSED_VARIABLE = YES;
				IPHONEOS_DEPLOYMENT_TARGET = 15.5;
				MTL_ENABLE_DEBUG_INFO = NO;
				MTL_FAST_MATH = YES;
				SDKROOT = iphoneos;
				SWIFT_COMPILATION_MODE = wholemodule;
				SWIFT_OPTIMIZATION_LEVEL = "-O";
				VALIDATE_PRODUCT = YES;
			};
			name = Release;
		};
		BD28DDAB2891B2540097D30D /* Debug */ = {
			isa = XCBuildConfiguration;
			buildSettings = {
				ASSETCATALOG_COMPILER_APPICON_NAME = AppIcon;
				ASSETCATALOG_COMPILER_GLOBAL_ACCENT_COLOR_NAME = AccentColor;
				CODE_SIGN_STYLE = Automatic;
				CURRENT_PROJECT_VERSION = 1;
				GENERATE_INFOPLIST_FILE = YES;
				INFOPLIST_FILE = MiniProject1/Info.plist;
				INFOPLIST_KEY_UIApplicationSupportsIndirectInputEvents = YES;
				INFOPLIST_KEY_UILaunchStoryboardName = LaunchScreen;
				INFOPLIST_KEY_UIMainStoryboardFile = Main;
				INFOPLIST_KEY_UISupportedInterfaceOrientations_iPad = "UIInterfaceOrientationPortrait UIInterfaceOrientationPortraitUpsideDown UIInterfaceOrientationLandscapeLeft UIInterfaceOrientationLandscapeRight";
				INFOPLIST_KEY_UISupportedInterfaceOrientations_iPhone = "UIInterfaceOrientationPortrait UIInterfaceOrientationLandscapeLeft UIInterfaceOrientationLandscapeRight";
				LD_RUNPATH_SEARCH_PATHS = (
					"$(inherited)",
					"@executable_path/Frameworks",
				);
				MARKETING_VERSION = 1.0;
				PRODUCT_BUNDLE_IDENTIFIER = KWK.MiniProject1;
				PRODUCT_NAME = "$(TARGET_NAME)";
				SWIFT_EMIT_LOC_STRINGS = YES;
				SWIFT_VERSION = 5.0;
				TARGETED_DEVICE_FAMILY = "1,2";
			};
			name = Debug;
		};
		BD28DDAC2891B2540097D30D /* Release */ = {
			isa = XCBuildConfiguration;
			buildSettings = {
				ASSETCATALOG_COMPILER_APPICON_NAME = AppIcon;
				ASSETCATALOG_COMPILER_GLOBAL_ACCENT_COLOR_NAME = AccentColor;
				CODE_SIGN_STYLE = Automatic;
				CURRENT_PROJECT_VERSION = 1;
				GENERATE_INFOPLIST_FILE = YES;
				INFOPLIST_FILE = MiniProject1/Info.plist;
				INFOPLIST_KEY_UIApplicationSupportsIndirectInputEvents = YES;
				INFOPLIST_KEY_UILaunchStoryboardName = LaunchScreen;
				INFOPLIST_KEY_UIMainStoryboardFile = Main;
				INFOPLIST_KEY_UISupportedInterfaceOrientations_iPad = "UIInterfaceOrientationPortrait UIInterfaceOrientationPortraitUpsideDown UIInterfaceOrientationLandscapeLeft UIInterfaceOrientationLandscapeRight";
				INFOPLIST_KEY_UISupportedInterfaceOrientations_iPhone = "UIInterfaceOrientationPortrait UIInterfaceOrientationLandscapeLeft UIInterfaceOrientationLandscapeRight";
				LD_RUNPATH_SEARCH_PATHS = (
					"$(inherited)",
					"@executable_path/Frameworks",
				);
				MARKETING_VERSION = 1.0;
				PRODUCT_BUNDLE_IDENTIFIER = KWK.MiniProject1;
				PRODUCT_NAME = "$(TARGET_NAME)";
				SWIFT_EMIT_LOC_STRINGS = YES;
				SWIFT_VERSION = 5.0;
				TARGETED_DEVICE_FAMILY = "1,2";
			};
			name = Release;
		};
		BD28DDAE2891B2540097D30D /* Debug */ = {
			isa = XCBuildConfiguration;
			buildSettings = {
				ALWAYS_EMBED_SWIFT_STANDARD_LIBRARIES = YES;
				BUNDLE_LOADER = "$(TEST_HOST)";
				CODE_SIGN_STYLE = Automatic;
				CURRENT_PROJECT_VERSION = 1;
				GENERATE_INFOPLIST_FILE = YES;
				IPHONEOS_DEPLOYMENT_TARGET = 15.5;
				MARKETING_VERSION = 1.0;
				PRODUCT_BUNDLE_IDENTIFIER = KWK.MiniProject1Tests;
				PRODUCT_NAME = "$(TARGET_NAME)";
				SWIFT_EMIT_LOC_STRINGS = NO;
				SWIFT_VERSION = 5.0;
				TARGETED_DEVICE_FAMILY = "1,2";
				TEST_HOST = "$(BUILT_PRODUCTS_DIR)/MiniProject1.app/MiniProject1";
			};
			name = Debug;
		};
		BD28DDAF2891B2540097D30D /* Release */ = {
			isa = XCBuildConfiguration;
			buildSettings = {
				ALWAYS_EMBED_SWIFT_STANDARD_LIBRARIES = YES;
				BUNDLE_LOADER = "$(TEST_HOST)";
				CODE_SIGN_STYLE = Automatic;
				CURRENT_PROJECT_VERSION = 1;
				GENERATE_INFOPLIST_FILE = YES;
				IPHONEOS_DEPLOYMENT_TARGET = 15.5;
				MARKETING_VERSION = 1.0;
				PRODUCT_BUNDLE_IDENTIFIER = KWK.MiniProject1Tests;
				PRODUCT_NAME = "$(TARGET_NAME)";
				SWIFT_EMIT_LOC_STRINGS = NO;
				SWIFT_VERSION = 5.0;
				TARGETED_DEVICE_FAMILY = "1,2";
				TEST_HOST = "$(BUILT_PRODUCTS_DIR)/MiniProject1.app/MiniProject1";
			};
			name = Release;
		};
		BD28DDB12891B2540097D30D /* Debug */ = {
			isa = XCBuildConfiguration;
			buildSettings = {
				ALWAYS_EMBED_SWIFT_STANDARD_LIBRARIES = YES;
				CODE_SIGN_STYLE = Automatic;
				CURRENT_PROJECT_VERSION = 1;
				GENERATE_INFOPLIST_FILE = YES;
				MARKETING_VERSION = 1.0;
				PRODUCT_BUNDLE_IDENTIFIER = KWK.MiniProject1UITests;
				PRODUCT_NAME = "$(TARGET_NAME)";
				SWIFT_EMIT_LOC_STRINGS = NO;
				SWIFT_VERSION = 5.0;
				TARGETED_DEVICE_FAMILY = "1,2";
				TEST_TARGET_NAME = MiniProject1;
			};
			name = Debug;
		};
		BD28DDB22891B2540097D30D /* Release */ = {
			isa = XCBuildConfiguration;
			buildSettings = {
				ALWAYS_EMBED_SWIFT_STANDARD_LIBRARIES = YES;
				CODE_SIGN_STYLE = Automatic;
				CURRENT_PROJECT_VERSION = 1;
				GENERATE_INFOPLIST_FILE = YES;
				MARKETING_VERSION = 1.0;
				PRODUCT_BUNDLE_IDENTIFIER = KWK.MiniProject1UITests;
				PRODUCT_NAME = "$(TARGET_NAME)";
				SWIFT_EMIT_LOC_STRINGS = NO;
				SWIFT_VERSION = 5.0;
				TARGETED_DEVICE_FAMILY = "1,2";
				TEST_TARGET_NAME = MiniProject1;
			};
			name = Release;
		};
/* End XCBuildConfiguration section */

/* Begin XCConfigurationList section */
		BD28DD782891B2520097D30D /* Build configuration list for PBXProject "MiniProject1" */ = {
			isa = XCConfigurationList;
			buildConfigurations = (
				BD28DDA82891B2540097D30D /* Debug */,
				BD28DDA92891B2540097D30D /* Release */,
			);
			defaultConfigurationIsVisible = 0;
			defaultConfigurationName = Release;
		};
		BD28DDAA2891B2540097D30D /* Build configuration list for PBXNativeTarget "MiniProject1" */ = {
			isa = XCConfigurationList;
			buildConfigurations = (
				BD28DDAB2891B2540097D30D /* Debug */,
				BD28DDAC2891B2540097D30D /* Release */,
			);
			defaultConfigurationIsVisible = 0;
			defaultConfigurationName = Release;
		};
		BD28DDAD2891B2540097D30D /* Build configuration list for PBXNativeTarget "MiniProject1Tests" */ = {
			isa = XCConfigurationList;
			buildConfigurations = (
				BD28DDAE2891B2540097D30D /* Debug */,
				BD28DDAF2891B2540097D30D /* Release */,
			);
			defaultConfigurationIsVisible = 0;
			defaultConfigurationName = Release;
		};
		BD28DDB02891B2540097D30D /* Build configuration list for PBXNativeTarget "MiniProject1UITests" */ = {
			isa = XCConfigurationList;
			buildConfigurations = (
				BD28DDB12891B2540097D30D /* Debug */,
				BD28DDB22891B2540097D30D /* Release */,
			);
			defaultConfigurationIsVisible = 0;
			defaultConfigurationName = Release;
		};
/* End XCConfigurationList section */

/* Begin XCVersionGroup section */
		BD28DD892891B2520097D30D /* MiniProject1.xcdatamodeld */ = {
			isa = XCVersionGroup;
			children = (
				BD28DD8A2891B2520097D30D /* MiniProject1.xcdatamodel */,
			);
			currentVersion = BD28DD8A2891B2520097D30D /* MiniProject1.xcdatamodel */;
			path = MiniProject1.xcdatamodeld;
			sourceTree = "<group>";
			versionGroupType = wrapper.xcdatamodel;
		};
/* End XCVersionGroup section */
	};
	rootObject = BD28DD752891B2520097D30D /* Project object */;
}
