// !$*UTF8*$!
{
	archiveVersion = 1;
	classes = {
	};
	objectVersion = 55;
	objects = {

/* Begin PBXBuildFile section */
		BD1F113A28981FC600E32EC7 /* AddToDoViewController.swift in Sources */ = {isa = PBXBuildFile; fileRef = BD1F113928981FC600E32EC7 /* AddToDoViewController.swift */; };
		BD60D2832898625300B18173 /* CompletedToDoViewController.swift in Sources */ = {isa = PBXBuildFile; fileRef = BD60D2822898625300B18173 /* CompletedToDoViewController.swift */; };
		BD7BA0802898116900031DB0 /* AppDelegate.swift in Sources */ = {isa = PBXBuildFile; fileRef = BD7BA07F2898116900031DB0 /* AppDelegate.swift */; };
		BD7BA0822898116900031DB0 /* SceneDelegate.swift in Sources */ = {isa = PBXBuildFile; fileRef = BD7BA0812898116900031DB0 /* SceneDelegate.swift */; };
		BD7BA0872898116900031DB0 /* Main.storyboard in Resources */ = {isa = PBXBuildFile; fileRef = BD7BA0852898116900031DB0 /* Main.storyboard */; };
		BD7BA08A2898116900031DB0 /* toDoList.xcdatamodeld in Sources */ = {isa = PBXBuildFile; fileRef = BD7BA0882898116900031DB0 /* toDoList.xcdatamodeld */; };
		BD7BA08C2898116B00031DB0 /* Assets.xcassets in Resources */ = {isa = PBXBuildFile; fileRef = BD7BA08B2898116B00031DB0 /* Assets.xcassets */; };
		BD7BA08F2898116B00031DB0 /* LaunchScreen.storyboard in Resources */ = {isa = PBXBuildFile; fileRef = BD7BA08D2898116B00031DB0 /* LaunchScreen.storyboard */; };
		BD7BA09A2898116B00031DB0 /* toDoListTests.swift in Sources */ = {isa = PBXBuildFile; fileRef = BD7BA0992898116B00031DB0 /* toDoListTests.swift */; };
		BD7BA0A42898116B00031DB0 /* toDoListUITests.swift in Sources */ = {isa = PBXBuildFile; fileRef = BD7BA0A32898116B00031DB0 /* toDoListUITests.swift */; };
		BD7BA0A62898116B00031DB0 /* toDoListUITestsLaunchTests.swift in Sources */ = {isa = PBXBuildFile; fileRef = BD7BA0A52898116B00031DB0 /* toDoListUITestsLaunchTests.swift */; };
		BD7BA0B3289814DE00031DB0 /* ToDoTableViewController.swift in Sources */ = {isa = PBXBuildFile; fileRef = BD7BA0B2289814DE00031DB0 /* ToDoTableViewController.swift */; };
		BD7BA0B52898156400031DB0 /* ToDoClass.swift in Sources */ = {isa = PBXBuildFile; fileRef = BD7BA0B42898156400031DB0 /* ToDoClass.swift */; };
/* End PBXBuildFile section */

/* Begin PBXContainerItemProxy section */
		BD7BA0962898116B00031DB0 /* PBXContainerItemProxy */ = {
			isa = PBXContainerItemProxy;
			containerPortal = BD7BA0742898116900031DB0 /* Project object */;
			proxyType = 1;
			remoteGlobalIDString = BD7BA07B2898116900031DB0;
			remoteInfo = toDoList;
		};
		BD7BA0A02898116B00031DB0 /* PBXContainerItemProxy */ = {
			isa = PBXContainerItemProxy;
			containerPortal = BD7BA0742898116900031DB0 /* Project object */;
			proxyType = 1;
			remoteGlobalIDString = BD7BA07B2898116900031DB0;
			remoteInfo = toDoList;
		};
/* End PBXContainerItemProxy section */

/* Begin PBXFileReference section */
		BD1F113928981FC600E32EC7 /* AddToDoViewController.swift */ = {isa = PBXFileReference; lastKnownFileType = sourcecode.swift; path = AddToDoViewController.swift; sourceTree = "<group>"; };
		BD60D2822898625300B18173 /* CompletedToDoViewController.swift */ = {isa = PBXFileReference; lastKnownFileType = sourcecode.swift; path = CompletedToDoViewController.swift; sourceTree = "<group>"; };
		BD7BA07C2898116900031DB0 /* toDoList.app */ = {isa = PBXFileReference; explicitFileType = wrapper.application; includeInIndex = 0; path = toDoList.app; sourceTree = BUILT_PRODUCTS_DIR; };
		BD7BA07F2898116900031DB0 /* AppDelegate.swift */ = {isa = PBXFileReference; lastKnownFileType = sourcecode.swift; path = AppDelegate.swift; sourceTree = "<group>"; };
		BD7BA0812898116900031DB0 /* SceneDelegate.swift */ = {isa = PBXFileReference; lastKnownFileType = sourcecode.swift; path = SceneDelegate.swift; sourceTree = "<group>"; };
		BD7BA0862898116900031DB0 /* Base */ = {isa = PBXFileReference; lastKnownFileType = file.storyboard; name = Base; path = Base.lproj/Main.storyboard; sourceTree = "<group>"; };
		BD7BA0892898116900031DB0 /* toDoList.xcdatamodel */ = {isa = PBXFileReference; lastKnownFileType = wrapper.xcdatamodel; path = toDoList.xcdatamodel; sourceTree = "<group>"; };
		BD7BA08B2898116B00031DB0 /* Assets.xcassets */ = {isa = PBXFileReference; lastKnownFileType = folder.assetcatalog; path = Assets.xcassets; sourceTree = "<group>"; };
		BD7BA08E2898116B00031DB0 /* Base */ = {isa = PBXFileReference; lastKnownFileType = file.storyboard; name = Base; path = Base.lproj/LaunchScreen.storyboard; sourceTree = "<group>"; };
		BD7BA0902898116B00031DB0 /* Info.plist */ = {isa = PBXFileReference; lastKnownFileType = text.plist.xml; path = Info.plist; sourceTree = "<group>"; };
		BD7BA0952898116B00031DB0 /* toDoListTests.xctest */ = {isa = PBXFileReference; explicitFileType = wrapper.cfbundle; includeInIndex = 0; path = toDoListTests.xctest; sourceTree = BUILT_PRODUCTS_DIR; };
		BD7BA0992898116B00031DB0 /* toDoListTests.swift */ = {isa = PBXFileReference; lastKnownFileType = sourcecode.swift; path = toDoListTests.swift; sourceTree = "<group>"; };
		BD7BA09F2898116B00031DB0 /* toDoListUITests.xctest */ = {isa = PBXFileReference; explicitFileType = wrapper.cfbundle; includeInIndex = 0; path = toDoListUITests.xctest; sourceTree = BUILT_PRODUCTS_DIR; };
		BD7BA0A32898116B00031DB0 /* toDoListUITests.swift */ = {isa = PBXFileReference; lastKnownFileType = sourcecode.swift; path = toDoListUITests.swift; sourceTree = "<group>"; };
		BD7BA0A52898116B00031DB0 /* toDoListUITestsLaunchTests.swift */ = {isa = PBXFileReference; lastKnownFileType = sourcecode.swift; path = toDoListUITestsLaunchTests.swift; sourceTree = "<group>"; };
		BD7BA0B2289814DE00031DB0 /* ToDoTableViewController.swift */ = {isa = PBXFileReference; lastKnownFileType = sourcecode.swift; path = ToDoTableViewController.swift; sourceTree = "<group>"; };
		BD7BA0B42898156400031DB0 /* ToDoClass.swift */ = {isa = PBXFileReference; lastKnownFileType = sourcecode.swift; path = ToDoClass.swift; sourceTree = "<group>"; };
/* End PBXFileReference section */

/* Begin PBXFrameworksBuildPhase section */
		BD7BA0792898116900031DB0 /* Frameworks */ = {
			isa = PBXFrameworksBuildPhase;
			buildActionMask = 2147483647;
			files = (
			);
			runOnlyForDeploymentPostprocessing = 0;
		};
		BD7BA0922898116B00031DB0 /* Frameworks */ = {
			isa = PBXFrameworksBuildPhase;
			buildActionMask = 2147483647;
			files = (
			);
			runOnlyForDeploymentPostprocessing = 0;
		};
		BD7BA09C2898116B00031DB0 /* Frameworks */ = {
			isa = PBXFrameworksBuildPhase;
			buildActionMask = 2147483647;
			files = (
			);
			runOnlyForDeploymentPostprocessing = 0;
		};
/* End PBXFrameworksBuildPhase section */

/* Begin PBXGroup section */
		BD7BA0732898116900031DB0 = {
			isa = PBXGroup;
			children = (
				BD7BA07E2898116900031DB0 /* toDoList */,
				BD7BA0982898116B00031DB0 /* toDoListTests */,
				BD7BA0A22898116B00031DB0 /* toDoListUITests */,
				BD7BA07D2898116900031DB0 /* Products */,
			);
			sourceTree = "<group>";
		};
		BD7BA07D2898116900031DB0 /* Products */ = {
			isa = PBXGroup;
			children = (
				BD7BA07C2898116900031DB0 /* toDoList.app */,
				BD7BA0952898116B00031DB0 /* toDoListTests.xctest */,
				BD7BA09F2898116B00031DB0 /* toDoListUITests.xctest */,
			);
			name = Products;
			sourceTree = "<group>";
		};
		BD7BA07E2898116900031DB0 /* toDoList */ = {
			isa = PBXGroup;
			children = (
				BD7BA07F2898116900031DB0 /* AppDelegate.swift */,
				BD7BA0812898116900031DB0 /* SceneDelegate.swift */,
				BD7BA0852898116900031DB0 /* Main.storyboard */,
				BD60D2822898625300B18173 /* CompletedToDoViewController.swift */,
				BD1F113928981FC600E32EC7 /* AddToDoViewController.swift */,
				BD7BA0B42898156400031DB0 /* ToDoClass.swift */,
				BD7BA0B2289814DE00031DB0 /* ToDoTableViewController.swift */,
				BD7BA08B2898116B00031DB0 /* Assets.xcassets */,
				BD7BA08D2898116B00031DB0 /* LaunchScreen.storyboard */,
				BD7BA0902898116B00031DB0 /* Info.plist */,
				BD7BA0882898116900031DB0 /* toDoList.xcdatamodeld */,
			);
			path = toDoList;
			sourceTree = "<group>";
		};
		BD7BA0982898116B00031DB0 /* toDoListTests */ = {
			isa = PBXGroup;
			children = (
				BD7BA0992898116B00031DB0 /* toDoListTests.swift */,
			);
			path = toDoListTests;
			sourceTree = "<group>";
		};
		BD7BA0A22898116B00031DB0 /* toDoListUITests */ = {
			isa = PBXGroup;
			children = (
				BD7BA0A32898116B00031DB0 /* toDoListUITests.swift */,
				BD7BA0A52898116B00031DB0 /* toDoListUITestsLaunchTests.swift */,
			);
			path = toDoListUITests;
			sourceTree = "<group>";
		};
/* End PBXGroup section */

/* Begin PBXNativeTarget section */
		BD7BA07B2898116900031DB0 /* toDoList */ = {
			isa = PBXNativeTarget;
			buildConfigurationList = BD7BA0A92898116B00031DB0 /* Build configuration list for PBXNativeTarget "toDoList" */;
			buildPhases = (
				BD7BA0782898116900031DB0 /* Sources */,
				BD7BA0792898116900031DB0 /* Frameworks */,
				BD7BA07A2898116900031DB0 /* Resources */,
			);
			buildRules = (
			);
			dependencies = (
			);
			name = toDoList;
			productName = toDoList;
			productReference = BD7BA07C2898116900031DB0 /* toDoList.app */;
			productType = "com.apple.product-type.application";
		};
		BD7BA0942898116B00031DB0 /* toDoListTests */ = {
			isa = PBXNativeTarget;
			buildConfigurationList = BD7BA0AC2898116B00031DB0 /* Build configuration list for PBXNativeTarget "toDoListTests" */;
			buildPhases = (
				BD7BA0912898116B00031DB0 /* Sources */,
				BD7BA0922898116B00031DB0 /* Frameworks */,
				BD7BA0932898116B00031DB0 /* Resources */,
			);
			buildRules = (
			);
			dependencies = (
				BD7BA0972898116B00031DB0 /* PBXTargetDependency */,
			);
			name = toDoListTests;
			productName = toDoListTests;
			productReference = BD7BA0952898116B00031DB0 /* toDoListTests.xctest */;
			productType = "com.apple.product-type.bundle.unit-test";
		};
		BD7BA09E2898116B00031DB0 /* toDoListUITests */ = {
			isa = PBXNativeTarget;
			buildConfigurationList = BD7BA0AF2898116B00031DB0 /* Build configuration list for PBXNativeTarget "toDoListUITests" */;
			buildPhases = (
				BD7BA09B2898116B00031DB0 /* Sources */,
				BD7BA09C2898116B00031DB0 /* Frameworks */,
				BD7BA09D2898116B00031DB0 /* Resources */,
			);
			buildRules = (
			);
			dependencies = (
				BD7BA0A12898116B00031DB0 /* PBXTargetDependency */,
			);
			name = toDoListUITests;
			productName = toDoListUITests;
			productReference = BD7BA09F2898116B00031DB0 /* toDoListUITests.xctest */;
			productType = "com.apple.product-type.bundle.ui-testing";
		};
/* End PBXNativeTarget section */

/* Begin PBXProject section */
		BD7BA0742898116900031DB0 /* Project object */ = {
			isa = PBXProject;
			attributes = {
				BuildIndependentTargetsInParallel = 1;
				LastSwiftUpdateCheck = 1340;
				LastUpgradeCheck = 1340;
				TargetAttributes = {
					BD7BA07B2898116900031DB0 = {
						CreatedOnToolsVersion = 13.4.1;
					};
					BD7BA0942898116B00031DB0 = {
						CreatedOnToolsVersion = 13.4.1;
						TestTargetID = BD7BA07B2898116900031DB0;
					};
					BD7BA09E2898116B00031DB0 = {
						CreatedOnToolsVersion = 13.4.1;
						TestTargetID = BD7BA07B2898116900031DB0;
					};
				};
			};
			buildConfigurationList = BD7BA0772898116900031DB0 /* Build configuration list for PBXProject "toDoList" */;
			compatibilityVersion = "Xcode 13.0";
			developmentRegion = en;
			hasScannedForEncodings = 0;
			knownRegions = (
				en,
				Base,
			);
			mainGroup = BD7BA0732898116900031DB0;
			productRefGroup = BD7BA07D2898116900031DB0 /* Products */;
			projectDirPath = "";
			projectRoot = "";
			targets = (
				BD7BA07B2898116900031DB0 /* toDoList */,
				BD7BA0942898116B00031DB0 /* toDoListTests */,
				BD7BA09E2898116B00031DB0 /* toDoListUITests */,
			);
		};
/* End PBXProject section */

/* Begin PBXResourcesBuildPhase section */
		BD7BA07A2898116900031DB0 /* Resources */ = {
			isa = PBXResourcesBuildPhase;
			buildActionMask = 2147483647;
			files = (
				BD7BA08F2898116B00031DB0 /* LaunchScreen.storyboard in Resources */,
				BD7BA08C2898116B00031DB0 /* Assets.xcassets in Resources */,
				BD7BA0872898116900031DB0 /* Main.storyboard in Resources */,
			);
			runOnlyForDeploymentPostprocessing = 0;
		};
		BD7BA0932898116B00031DB0 /* Resources */ = {
			isa = PBXResourcesBuildPhase;
			buildActionMask = 2147483647;
			files = (
			);
			runOnlyForDeploymentPostprocessing = 0;
		};
		BD7BA09D2898116B00031DB0 /* Resources */ = {
			isa = PBXResourcesBuildPhase;
			buildActionMask = 2147483647;
			files = (
			);
			runOnlyForDeploymentPostprocessing = 0;
		};
/* End PBXResourcesBuildPhase section */

/* Begin PBXSourcesBuildPhase section */
		BD7BA0782898116900031DB0 /* Sources */ = {
			isa = PBXSourcesBuildPhase;
			buildActionMask = 2147483647;
			files = (
				BD7BA0802898116900031DB0 /* AppDelegate.swift in Sources */,
				BD7BA0B52898156400031DB0 /* ToDoClass.swift in Sources */,
				BD7BA0822898116900031DB0 /* SceneDelegate.swift in Sources */,
				BD60D2832898625300B18173 /* CompletedToDoViewController.swift in Sources */,
				BD7BA0B3289814DE00031DB0 /* ToDoTableViewController.swift in Sources */,
				BD1F113A28981FC600E32EC7 /* AddToDoViewController.swift in Sources */,
				BD7BA08A2898116900031DB0 /* toDoList.xcdatamodeld in Sources */,
			);
			runOnlyForDeploymentPostprocessing = 0;
		};
		BD7BA0912898116B00031DB0 /* Sources */ = {
			isa = PBXSourcesBuildPhase;
			buildActionMask = 2147483647;
			files = (
				BD7BA09A2898116B00031DB0 /* toDoListTests.swift in Sources */,
			);
			runOnlyForDeploymentPostprocessing = 0;
		};
		BD7BA09B2898116B00031DB0 /* Sources */ = {
			isa = PBXSourcesBuildPhase;
			buildActionMask = 2147483647;
			files = (
				BD7BA0A62898116B00031DB0 /* toDoListUITestsLaunchTests.swift in Sources */,
				BD7BA0A42898116B00031DB0 /* toDoListUITests.swift in Sources */,
			);
			runOnlyForDeploymentPostprocessing = 0;
		};
/* End PBXSourcesBuildPhase section */

/* Begin PBXTargetDependency section */
		BD7BA0972898116B00031DB0 /* PBXTargetDependency */ = {
			isa = PBXTargetDependency;
			target = BD7BA07B2898116900031DB0 /* toDoList */;
			targetProxy = BD7BA0962898116B00031DB0 /* PBXContainerItemProxy */;
		};
		BD7BA0A12898116B00031DB0 /* PBXTargetDependency */ = {
			isa = PBXTargetDependency;
			target = BD7BA07B2898116900031DB0 /* toDoList */;
			targetProxy = BD7BA0A02898116B00031DB0 /* PBXContainerItemProxy */;
		};
/* End PBXTargetDependency section */

/* Begin PBXVariantGroup section */
		BD7BA0852898116900031DB0 /* Main.storyboard */ = {
			isa = PBXVariantGroup;
			children = (
				BD7BA0862898116900031DB0 /* Base */,
			);
			name = Main.storyboard;
			sourceTree = "<group>";
		};
		BD7BA08D2898116B00031DB0 /* LaunchScreen.storyboard */ = {
			isa = PBXVariantGroup;
			children = (
				BD7BA08E2898116B00031DB0 /* Base */,
			);
			name = LaunchScreen.storyboard;
			sourceTree = "<group>";
		};
/* End PBXVariantGroup section */

/* Begin XCBuildConfiguration section */
		BD7BA0A72898116B00031DB0 /* Debug */ = {
			isa = XCBuildConfiguration;
			buildSettings = {
				ALWAYS_SEARCH_USER_PATHS = NO;
				CLANG_ANALYZER_NONNULL = YES;
				CLANG_ANALYZER_NUMBER_OBJECT_CONVERSION = YES_AGGRESSIVE;
				CLANG_CXX_LANGUAGE_STANDARD = "gnu++17";
				CLANG_ENABLE_MODULES = YES;
				CLANG_ENABLE_OBJC_ARC = YES;
				CLANG_ENABLE_OBJC_WEAK = YES;
				CLANG_WARN_BLOCK_CAPTURE_AUTORELEASING = YES;
				CLANG_WARN_BOOL_CONVERSION = YES;
				CLANG_WARN_COMMA = YES;
				CLANG_WARN_CONSTANT_CONVERSION = YES;
				CLANG_WARN_DEPRECATED_OBJC_IMPLEMENTATIONS = YES;
				CLANG_WARN_DIRECT_OBJC_ISA_USAGE = YES_ERROR;
				CLANG_WARN_DOCUMENTATION_COMMENTS = YES;
				CLANG_WARN_EMPTY_BODY = YES;
				CLANG_WARN_ENUM_CONVERSION = YES;
				CLANG_WARN_INFINITE_RECURSION = YES;
				CLANG_WARN_INT_CONVERSION = YES;
				CLANG_WARN_NON_LITERAL_NULL_CONVERSION = YES;
				CLANG_WARN_OBJC_IMPLICIT_RETAIN_SELF = YES;
				CLANG_WARN_OBJC_LITERAL_CONVERSION = YES;
				CLANG_WARN_OBJC_ROOT_CLASS = YES_ERROR;
				CLANG_WARN_QUOTED_INCLUDE_IN_FRAMEWORK_HEADER = YES;
				CLANG_WARN_RANGE_LOOP_ANALYSIS = YES;
				CLANG_WARN_STRICT_PROTOTYPES = YES;
				CLANG_WARN_SUSPICIOUS_MOVE = YES;
				CLANG_WARN_UNGUARDED_AVAILABILITY = YES_AGGRESSIVE;
				CLANG_WARN_UNREACHABLE_CODE = YES;
				CLANG_WARN__DUPLICATE_METHOD_MATCH = YES;
				COPY_PHASE_STRIP = NO;
				DEBUG_INFORMATION_FORMAT = dwarf;
				ENABLE_STRICT_OBJC_MSGSEND = YES;
				ENABLE_TESTABILITY = YES;
				GCC_C_LANGUAGE_STANDARD = gnu11;
				GCC_DYNAMIC_NO_PIC = NO;
				GCC_NO_COMMON_BLOCKS = YES;
				GCC_OPTIMIZATION_LEVEL = 0;
				GCC_PREPROCESSOR_DEFINITIONS = (
					"DEBUG=1",
					"$(inherited)",
				);
				GCC_WARN_64_TO_32_BIT_CONVERSION = YES;
				GCC_WARN_ABOUT_RETURN_TYPE = YES_ERROR;
				GCC_WARN_UNDECLARED_SELECTOR = YES;
				GCC_WARN_UNINITIALIZED_AUTOS = YES_AGGRESSIVE;
				GCC_WARN_UNUSED_FUNCTION = YES;
				GCC_WARN_UNUSED_VARIABLE = YES;
				IPHONEOS_DEPLOYMENT_TARGET = 15.5;
				MTL_ENABLE_DEBUG_INFO = INCLUDE_SOURCE;
				MTL_FAST_MATH = YES;
				ONLY_ACTIVE_ARCH = YES;
				SDKROOT = iphoneos;
				SWIFT_ACTIVE_COMPILATION_CONDITIONS = DEBUG;
				SWIFT_OPTIMIZATION_LEVEL = "-Onone";
			};
			name = Debug;
		};
		BD7BA0A82898116B00031DB0 /* Release */ = {
			isa = XCBuildConfiguration;
			buildSettings = {
				ALWAYS_SEARCH_USER_PATHS = NO;
				CLANG_ANALYZER_NONNULL = YES;
				CLANG_ANALYZER_NUMBER_OBJECT_CONVERSION = YES_AGGRESSIVE;
				CLANG_CXX_LANGUAGE_STANDARD = "gnu++17";
				CLANG_ENABLE_MODULES = YES;
				CLANG_ENABLE_OBJC_ARC = YES;
				CLANG_ENABLE_OBJC_WEAK = YES;
				CLANG_WARN_BLOCK_CAPTURE_AUTORELEASING = YES;
				CLANG_WARN_BOOL_CONVERSION = YES;
				CLANG_WARN_COMMA = YES;
				CLANG_WARN_CONSTANT_CONVERSION = YES;
				CLANG_WARN_DEPRECATED_OBJC_IMPLEMENTATIONS = YES;
				CLANG_WARN_DIRECT_OBJC_ISA_USAGE = YES_ERROR;
				CLANG_WARN_DOCUMENTATION_COMMENTS = YES;
				CLANG_WARN_EMPTY_BODY = YES;
				CLANG_WARN_ENUM_CONVERSION = YES;
				CLANG_WARN_INFINITE_RECURSION = YES;
				CLANG_WARN_INT_CONVERSION = YES;
				CLANG_WARN_NON_LITERAL_NULL_CONVERSION = YES;
				CLANG_WARN_OBJC_IMPLICIT_RETAIN_SELF = YES;
				CLANG_WARN_OBJC_LITERAL_CONVERSION = YES;
				CLANG_WARN_OBJC_ROOT_CLASS = YES_ERROR;
				CLANG_WARN_QUOTED_INCLUDE_IN_FRAMEWORK_HEADER = YES;
				CLANG_WARN_RANGE_LOOP_ANALYSIS = YES;
				CLANG_WARN_STRICT_PROTOTYPES = YES;
				CLANG_WARN_SUSPICIOUS_MOVE = YES;
				CLANG_WARN_UNGUARDED_AVAILABILITY = YES_AGGRESSIVE;
				CLANG_WARN_UNREACHABLE_CODE = YES;
				CLANG_WARN__DUPLICATE_METHOD_MATCH = YES;
				COPY_PHASE_STRIP = NO;
				DEBUG_INFORMATION_FORMAT = "dwarf-with-dsym";
				ENABLE_NS_ASSERTIONS = NO;
				ENABLE_STRICT_OBJC_MSGSEND = YES;
				GCC_C_LANGUAGE_STANDARD = gnu11;
				GCC_NO_COMMON_BLOCKS = YES;
				GCC_WARN_64_TO_32_BIT_CONVERSION = YES;
				GCC_WARN_ABOUT_RETURN_TYPE = YES_ERROR;
				GCC_WARN_UNDECLARED_SELECTOR = YES;
				GCC_WARN_UNINITIALIZED_AUTOS = YES_AGGRESSIVE;
				GCC_WARN_UNUSED_FUNCTION = YES;
				GCC_WARN_UNUSED_VARIABLE = YES;
				IPHONEOS_DEPLOYMENT_TARGET = 15.5;
				MTL_ENABLE_DEBUG_INFO = NO;
				MTL_FAST_MATH = YES;
				SDKROOT = iphoneos;
				SWIFT_COMPILATION_MODE = wholemodule;
				SWIFT_OPTIMIZATION_LEVEL = "-O";
				VALIDATE_PRODUCT = YES;
			};
			name = Release;
		};
		BD7BA0AA2898116B00031DB0 /* Debug */ = {
			isa = XCBuildConfiguration;
			buildSettings = {
				ASSETCATALOG_COMPILER_APPICON_NAME = AppIcon;
				ASSETCATALOG_COMPILER_GLOBAL_ACCENT_COLOR_NAME = AccentColor;
				CODE_SIGN_STYLE = Automatic;
				CURRENT_PROJECT_VERSION = 1;
				GENERATE_INFOPLIST_FILE = YES;
				INFOPLIST_FILE = toDoList/Info.plist;
				INFOPLIST_KEY_UIApplicationSupportsIndirectInputEvents = YES;
				INFOPLIST_KEY_UILaunchStoryboardName = LaunchScreen;
				INFOPLIST_KEY_UIMainStoryboardFile = Main;
				INFOPLIST_KEY_UISupportedInterfaceOrientations_iPad = "UIInterfaceOrientationPortrait UIInterfaceOrientationPortraitUpsideDown UIInterfaceOrientationLandscapeLeft UIInterfaceOrientationLandscapeRight";
				INFOPLIST_KEY_UISupportedInterfaceOrientations_iPhone = "UIInterfaceOrientationPortrait UIInterfaceOrientationLandscapeLeft UIInterfaceOrientationLandscapeRight";
				LD_RUNPATH_SEARCH_PATHS = (
					"$(inherited)",
					"@executable_path/Frameworks",
				);
				MARKETING_VERSION = 1.0;
				PRODUCT_BUNDLE_IDENTIFIER = KWK.toDoList;
				PRODUCT_NAME = "$(TARGET_NAME)";
				SWIFT_EMIT_LOC_STRINGS = YES;
				SWIFT_VERSION = 5.0;
				TARGETED_DEVICE_FAMILY = "1,2";
			};
			name = Debug;
		};
		BD7BA0AB2898116B00031DB0 /* Release */ = {
			isa = XCBuildConfiguration;
			buildSettings = {
				ASSETCATALOG_COMPILER_APPICON_NAME = AppIcon;
				ASSETCATALOG_COMPILER_GLOBAL_ACCENT_COLOR_NAME = AccentColor;
				CODE_SIGN_STYLE = Automatic;
				CURRENT_PROJECT_VERSION = 1;
				GENERATE_INFOPLIST_FILE = YES;
				INFOPLIST_FILE = toDoList/Info.plist;
				INFOPLIST_KEY_UIApplicationSupportsIndirectInputEvents = YES;
				INFOPLIST_KEY_UILaunchStoryboardName = LaunchScreen;
				INFOPLIST_KEY_UIMainStoryboardFile = Main;
				INFOPLIST_KEY_UISupportedInterfaceOrientations_iPad = "UIInterfaceOrientationPortrait UIInterfaceOrientationPortraitUpsideDown UIInterfaceOrientationLandscapeLeft UIInterfaceOrientationLandscapeRight";
				INFOPLIST_KEY_UISupportedInterfaceOrientations_iPhone = "UIInterfaceOrientationPortrait UIInterfaceOrientationLandscapeLeft UIInterfaceOrientationLandscapeRight";
				LD_RUNPATH_SEARCH_PATHS = (
					"$(inherited)",
					"@executable_path/Frameworks",
				);
				MARKETING_VERSION = 1.0;
				PRODUCT_BUNDLE_IDENTIFIER = KWK.toDoList;
				PRODUCT_NAME = "$(TARGET_NAME)";
				SWIFT_EMIT_LOC_STRINGS = YES;
				SWIFT_VERSION = 5.0;
				TARGETED_DEVICE_FAMILY = "1,2";
			};
			name = Release;
		};
		BD7BA0AD2898116B00031DB0 /* Debug */ = {
			isa = XCBuildConfiguration;
			buildSettings = {
				ALWAYS_EMBED_SWIFT_STANDARD_LIBRARIES = YES;
				BUNDLE_LOADER = "$(TEST_HOST)";
				CODE_SIGN_STYLE = Automatic;
				CURRENT_PROJECT_VERSION = 1;
				GENERATE_INFOPLIST_FILE = YES;
				IPHONEOS_DEPLOYMENT_TARGET = 15.5;
				MARKETING_VERSION = 1.0;
				PRODUCT_BUNDLE_IDENTIFIER = KWK.toDoListTests;
				PRODUCT_NAME = "$(TARGET_NAME)";
				SWIFT_EMIT_LOC_STRINGS = NO;
				SWIFT_VERSION = 5.0;
				TARGETED_DEVICE_FAMILY = "1,2";
				TEST_HOST = "$(BUILT_PRODUCTS_DIR)/toDoList.app/toDoList";
			};
			name = Debug;
		};
		BD7BA0AE2898116B00031DB0 /* Release */ = {
			isa = XCBuildConfiguration;
			buildSettings = {
				ALWAYS_EMBED_SWIFT_STANDARD_LIBRARIES = YES;
				BUNDLE_LOADER = "$(TEST_HOST)";
				CODE_SIGN_STYLE = Automatic;
				CURRENT_PROJECT_VERSION = 1;
				GENERATE_INFOPLIST_FILE = YES;
				IPHONEOS_DEPLOYMENT_TARGET = 15.5;
				MARKETING_VERSION = 1.0;
				PRODUCT_BUNDLE_IDENTIFIER = KWK.toDoListTests;
				PRODUCT_NAME = "$(TARGET_NAME)";
				SWIFT_EMIT_LOC_STRINGS = NO;
				SWIFT_VERSION = 5.0;
				TARGETED_DEVICE_FAMILY = "1,2";
				TEST_HOST = "$(BUILT_PRODUCTS_DIR)/toDoList.app/toDoList";
			};
			name = Release;
		};
		BD7BA0B02898116B00031DB0 /* Debug */ = {
			isa = XCBuildConfiguration;
			buildSettings = {
				ALWAYS_EMBED_SWIFT_STANDARD_LIBRARIES = YES;
				CODE_SIGN_STYLE = Automatic;
				CURRENT_PROJECT_VERSION = 1;
				GENERATE_INFOPLIST_FILE = YES;
				MARKETING_VERSION = 1.0;
				PRODUCT_BUNDLE_IDENTIFIER = KWK.toDoListUITests;
				PRODUCT_NAME = "$(TARGET_NAME)";
				SWIFT_EMIT_LOC_STRINGS = NO;
				SWIFT_VERSION = 5.0;
				TARGETED_DEVICE_FAMILY = "1,2";
				TEST_TARGET_NAME = toDoList;
			};
			name = Debug;
		};
		BD7BA0B12898116B00031DB0 /* Release */ = {
			isa = XCBuildConfiguration;
			buildSettings = {
				ALWAYS_EMBED_SWIFT_STANDARD_LIBRARIES = YES;
				CODE_SIGN_STYLE = Automatic;
				CURRENT_PROJECT_VERSION = 1;
				GENERATE_INFOPLIST_FILE = YES;
				MARKETING_VERSION = 1.0;
				PRODUCT_BUNDLE_IDENTIFIER = KWK.toDoListUITests;
				PRODUCT_NAME = "$(TARGET_NAME)";
				SWIFT_EMIT_LOC_STRINGS = NO;
				SWIFT_VERSION = 5.0;
				TARGETED_DEVICE_FAMILY = "1,2";
				TEST_TARGET_NAME = toDoList;
			};
			name = Release;
		};
/* End XCBuildConfiguration section */

/* Begin XCConfigurationList section */
		BD7BA0772898116900031DB0 /* Build configuration list for PBXProject "toDoList" */ = {
			isa = XCConfigurationList;
			buildConfigurations = (
				BD7BA0A72898116B00031DB0 /* Debug */,
				BD7BA0A82898116B00031DB0 /* Release */,
			);
			defaultConfigurationIsVisible = 0;
			defaultConfigurationName = Release;
		};
		BD7BA0A92898116B00031DB0 /* Build configuration list for PBXNativeTarget "toDoList" */ = {
			isa = XCConfigurationList;
			buildConfigurations = (
				BD7BA0AA2898116B00031DB0 /* Debug */,
				BD7BA0AB2898116B00031DB0 /* Release */,
			);
			defaultConfigurationIsVisible = 0;
			defaultConfigurationName = Release;
		};
		BD7BA0AC2898116B00031DB0 /* Build configuration list for PBXNativeTarget "toDoListTests" */ = {
			isa = XCConfigurationList;
			buildConfigurations = (
				BD7BA0AD2898116B00031DB0 /* Debug */,
				BD7BA0AE2898116B00031DB0 /* Release */,
			);
			defaultConfigurationIsVisible = 0;
			defaultConfigurationName = Release;
		};
		BD7BA0AF2898116B00031DB0 /* Build configuration list for PBXNativeTarget "toDoListUITests" */ = {
			isa = XCConfigurationList;
			buildConfigurations = (
				BD7BA0B02898116B00031DB0 /* Debug */,
				BD7BA0B12898116B00031DB0 /* Release */,
			);
			defaultConfigurationIsVisible = 0;
			defaultConfigurationName = Release;
		};
/* End XCConfigurationList section */

/* Begin XCVersionGroup section */
		BD7BA0882898116900031DB0 /* toDoList.xcdatamodeld */ = {
			isa = XCVersionGroup;
			children = (
				BD7BA0892898116900031DB0 /* toDoList.xcdatamodel */,
			);
			currentVersion = BD7BA0892898116900031DB0 /* toDoList.xcdatamodel */;
			path = toDoList.xcdatamodeld;
			sourceTree = "<group>";
			versionGroupType = wrapper.xcdatamodel;
		};
/* End XCVersionGroup section */
	};
	rootObject = BD7BA0742898116900031DB0 /* Project object */;
}
